
Microsoft Visual Studio Solution File, Format Version 12.00
# Visual Studio Version 17
VisualStudioVersion = 17.3.32825.248
MinimumVisualStudioVersion = 10.0.40219.1
Project("{FAE04EC0-301F-11D3-BF4B-00C04F79EFBC}") = "_1.1_暂停线程", "Threading\_1.1_暂停线程.csproj", "{B621B444-BAFB-4117-BB2A-1C90FA814B89}"
EndProject
Project("{2150E333-8FDC-42A3-9474-1A3956D46DE8}") = "01.线程基础", "01.线程基础", "{95319140-354A-45B8-BA85-94D0CBE172B4}"
EndProject
Project("{FAE04EC0-301F-11D3-BF4B-00C04F79EFBC}") = "_1.2_线程等待", "_1.2_线程等待\_1.2_线程等待.csproj", "{EEC741B7-AD23-4353-9826-E1BEC14DFDEB}"
EndProject
Project("{FAE04EC0-301F-11D3-BF4B-00C04F79EFBC}") = "_1.3_终止线程", "_1.3_终止线程\_1.3_终止线程.csproj", "{661220AB-0335-4FCE-AD2C-F2106BDCFF28}"
EndProject
Project("{FAE04EC0-301F-11D3-BF4B-00C04F79EFBC}") = "_1.4_检测线程状态", "_1.4_检测线程状态\_1.4_检测线程状态.csproj", "{981546A3-2DC3-4360-A464-30DDEB1A1C20}"
EndProject
Project("{FAE04EC0-301F-11D3-BF4B-00C04F79EFBC}") = "_1.5_线程优先级", "_1.5_线程优先级\_1.5_线程优先级.csproj", "{947F8F91-7123-4F71-9A83-816AA7F3A9E9}"
EndProject
Project("{FAE04EC0-301F-11D3-BF4B-00C04F79EFBC}") = "_1.6_前后台线程", "_1.6_前后台线程\_1.6_前后台线程.csproj", "{AFE53C9A-AA0D-4017-8F6D-57AF896FF170}"
EndProject
Project("{FAE04EC0-301F-11D3-BF4B-00C04F79EFBC}") = "_1.7_向线程传递参数", "_1.7_向线程传递参数\_1.7_向线程传递参数.csproj", "{22EB7B8E-DA0D-4142-A0A7-30C7682CFA6D}"
EndProject
Project("{FAE04EC0-301F-11D3-BF4B-00C04F79EFBC}") = "_1.8_Lock关键字", "_1.8_Lock关键字\_1.8_Lock关键字.csproj", "{038E0630-5FA8-41D2-8A0F-8A3DD2307B65}"
EndProject
Project("{FAE04EC0-301F-11D3-BF4B-00C04F79EFBC}") = "_1.9_使用Monitor类锁定资源", "_1.9_使用Monitor类锁定资源\_1.9_使用Monitor类锁定资源.csproj", "{B5E7D103-128A-4715-BB1D-9BEBC73568CC}"
EndProject
Project("{2150E333-8FDC-42A3-9474-1A3956D46DE8}") = "02.线程同步", "02.线程同步", "{133FECA7-B767-42E7-816D-55AE72C5C118}"
EndProject
Project("{FAE04EC0-301F-11D3-BF4B-00C04F79EFBC}") = "_2.1原子操作", "_2.1原子操作\_2.1原子操作.csproj", "{BCA6775A-3CE5-4950-89C8-335B4EBBFAC4}"
EndProject
Project("{FAE04EC0-301F-11D3-BF4B-00C04F79EFBC}") = "_2.2使用Mutex类", "_2.2使用Mutex类\_2.2使用Mutex类.csproj", "{0B3AB4B8-C329-4C62-960D-41BC34052716}"
EndProject
Project("{FAE04EC0-301F-11D3-BF4B-00C04F79EFBC}") = "_2.3使用SemaphoreSlim类", "_2.3使用SemaphoreSlim类\_2.3使用SemaphoreSlim类.csproj", "{C9ED7725-D46F-4E06-A05C-54026E3A3A07}"
EndProject
Project("{FAE04EC0-301F-11D3-BF4B-00C04F79EFBC}") = "_2.4使用AutoResetEvent类", "_2.4使用AutoResetEvent类\_2.4使用AutoResetEvent类.csproj", "{4ECC08E4-2B83-4BD3-978B-8D67D8CB56E9}"
EndProject
Project("{FAE04EC0-301F-11D3-BF4B-00C04F79EFBC}") = "_2.5使用ManualResetEventSlim类", "_2.5使用CountdownEvent类\_2.5使用ManualResetEventSlim类.csproj", "{A9C09BEB-9C0F-494C-8A14-203DAE015CBF}"
EndProject
Project("{FAE04EC0-301F-11D3-BF4B-00C04F79EFBC}") = "_2.7使用Barrier类", "_2.6使用Barrier类\_2.7使用Barrier类.csproj", "{C6457195-6B99-4B9F-AB73-6FA9D60BE872}"
EndProject
Project("{FAE04EC0-301F-11D3-BF4B-00C04F79EFBC}") = "_2.8使用ReaderWriterLockSlim类", "_2.7使用ReaderWriterLockSlim类\_2.8使用ReaderWriterLockSlim类.csproj", "{FE16BFD9-0D0B-4B44-9E75-DEF46F133D81}"
EndProject
Project("{FAE04EC0-301F-11D3-BF4B-00C04F79EFBC}") = "_2.6使用CountdownEvent类", "_2.6使用CountdownEvent类\_2.6使用CountdownEvent类.csproj", "{E4D4690D-9072-467E-BE68-E1F00D02073B}"
EndProject
Project("{2150E333-8FDC-42A3-9474-1A3956D46DE8}") = "03.线程池", "03.线程池", "{9889AD88-1B42-492D-9C75-6492FD2012BA}"
EndProject
Project("{FAE04EC0-301F-11D3-BF4B-00C04F79EFBC}") = "_3.1在线程池中调用委托", "_3.1在线程池中调用委托\_3.1在线程池中调用委托.csproj", "{88F6762E-F83B-4BB8-A84C-626687CC6AAF}"
EndProject
Project("{FAE04EC0-301F-11D3-BF4B-00C04F79EFBC}") = "_3.2向线程池中放入异步操作", "_3.2向线程池中放入异步操作\_3.2向线程池中放入异步操作.csproj", "{0AFCEC73-6001-40B4-B2C7-A3BDC3E6D884}"
EndProject
Project("{FAE04EC0-301F-11D3-BF4B-00C04F79EFBC}") = "_3.3线程池与并行度", "_3.2线程池与并行度\_3.3线程池与并行度.csproj", "{D9DB5B26-53DE-4CDD-910A-1A421388B4AB}"
EndProject
Project("{FAE04EC0-301F-11D3-BF4B-00C04F79EFBC}") = "_3.5在线程池中使用等待时间处理器及超时", "_3.5在线程池中使用等待时间处理器及超时\_3.5在线程池中使用等待时间处理器及超时.csproj", "{ECA7D166-3A4D-40B6-B156-57121FB5E5DF}"
EndProject
Project("{FAE04EC0-301F-11D3-BF4B-00C04F79EFBC}") = "_3.4取消异步操作", "_34取消异步操作\_3.4取消异步操作.csproj", "{614A1B10-C544-4EC7-9C10-5375F40909ED}"
EndProject
Project("{2150E333-8FDC-42A3-9474-1A3956D46DE8}") = "04.任务并行库", "04.任务并行库", "{1ACC9CF6-E44F-499B-B3AD-993CE170E3BB}"
EndProject
Project("{2150E333-8FDC-42A3-9474-1A3956D46DE8}") = "05.async与await", "05.async与await", "{4738F7E8-1C89-4475-9CA7-280EB696AFBA}"
EndProject
Project("{2150E333-8FDC-42A3-9474-1A3956D46DE8}") = "06.并发与集合", "06.并发与集合", "{279BCD16-F680-442F-B422-F5F7C936D87D}"
EndProject
Project("{2150E333-8FDC-42A3-9474-1A3956D46DE8}") = "07.使用PLINQ", "07.使用PLINQ", "{E8EBF50F-D7D7-4016-A545-5354E275DAF5}"
EndProject
Project("{2150E333-8FDC-42A3-9474-1A3956D46DE8}") = "08.使用ReactiveExtensions", "08.使用ReactiveExtensions", "{2A634C01-102C-4F12-B1C0-37F9ABDC7389}"
EndProject
Project("{2150E333-8FDC-42A3-9474-1A3956D46DE8}") = "09.使用异步IO", "09.使用异步IO", "{5ED4190A-8ED2-4A57-A71F-37333A3D61D6}"
EndProject
Project("{FAE04EC0-301F-11D3-BF4B-00C04F79EFBC}") = "_4.1创建任务", "_4.1创建任务\_4.1创建任务.csproj", "{7A4A1DAC-FBA4-4D4C-B0B3-1AD7C86F4791}"
EndProject
Project("{FAE04EC0-301F-11D3-BF4B-00C04F79EFBC}") = "_4.2从任务中获取结果", "_4.2从任务中获取结果\_4.2从任务中获取结果.csproj", "{D337AFCC-4C6E-47DE-BCD4-2CA51CB167E9}"
EndProject
Project("{FAE04EC0-301F-11D3-BF4B-00C04F79EFBC}") = "_4.3组合任务", "_4.3组合任务\_4.3组合任务.csproj", "{42750277-1318-4532-8916-9B27B45617A6}"
EndProject
Project("{FAE04EC0-301F-11D3-BF4B-00C04F79EFBC}") = "_4.4取消任务", "_4.4取消任务\_4.4取消任务.csproj", "{8B6F3835-9693-47E5-9907-CE696042281B}"
EndProject
Project("{FAE04EC0-301F-11D3-BF4B-00C04F79EFBC}") = "_4.5处理任务重的异常", "_4.5处理任务重的异常\_4.5处理任务重的异常.csproj", "{9B29D7BC-EB4D-4E0A-97AD-D2BF2A4C0FF3}"
EndProject
Project("{FAE04EC0-301F-11D3-BF4B-00C04F79EFBC}") = "_4.6并行运行任务", "_4.6并行运行任务\_4.6并行运行任务.csproj", "{A7F24E6D-B9CF-4F0E-9C98-819BB955F0BB}"
EndProject
Project("{FAE04EC0-301F-11D3-BF4B-00C04F79EFBC}") = "_4.7使用TaskScheduler配置任务的执行", "_4.7使用TaskScheduler配置任务\_4.7使用TaskScheduler配置任务的执行.csproj", "{BB307B68-FC7F-410A-9621-192512A5E8B7}"
EndProject
Project("{FAE04EC0-301F-11D3-BF4B-00C04F79EFBC}") = "_5.1.使用await操作符获取异步任务结果", "_5.1.使用await操作符获取异步任务结果\_5.1.使用await操作符获取异步任务结果.csproj", "{2D9E939C-E193-4A5C-8B96-C59BE486D9B2}"
EndProject
Project("{FAE04EC0-301F-11D3-BF4B-00C04F79EFBC}") = "_5.2.在lambda表达式中使用await操作符", "_5.2.在lambda表达式中使用await操作符\_5.2.在lambda表达式中使用await操作符.csproj", "{70DF4457-808B-4B2F-A788-504FCAA211B8}"
EndProject
Project("{FAE04EC0-301F-11D3-BF4B-00C04F79EFBC}") = "_5.3.对连续的异步任务使用await操作符", "_5.3.对连续的异步任务使用await操作符\_5.3.对连续的异步任务使用await操作符.csproj", "{A9280153-38E9-4352-91D9-BB7C03D7E37E}"
EndProject
Project("{FAE04EC0-301F-11D3-BF4B-00C04F79EFBC}") = "_5.4.对并行执行的异步任务使用await操作符", "_5.4.对并行执行的异步任务使用await操作符\_5.4.对并行执行的异步任务使用await操作符.csproj", "{C25E9636-EA32-4F19-A76D-2F0BB569B174}"
EndProject
Project("{FAE04EC0-301F-11D3-BF4B-00C04F79EFBC}") = "_5.5.处理异步操作中的异常", "_5.5.处理异步操作中的异常\_5.5.处理异步操作中的异常.csproj", "{8FA5A596-A010-4065-AB01-25C56DEFDC5F}"
EndProject
Project("{FAE04EC0-301F-11D3-BF4B-00C04F79EFBC}") = "_5.6.使用async_void方法", "_5.6.使用async_void方法\_5.6.使用async_void方法.csproj", "{C1BA9C88-7A89-40A8-9B15-637385726889}"
EndProject
Project("{FAE04EC0-301F-11D3-BF4B-00C04F79EFBC}") = "_5.7.实现自定义的awaitable类型", "_5.7.实现自定义的awaitable类型\_5.7.实现自定义的awaitable类型.csproj", "{888E285A-9D0E-40DE-B736-F01D671CA006}"
EndProject
Project("{FAE04EC0-301F-11D3-BF4B-00C04F79EFBC}") = "_5.8.对动态类型使用await", "_5.8.对动态类型使用await\_5.8.对动态类型使用await.csproj", "{BE639E47-4F16-442C-9B1D-431491F091E7}"
EndProject
Global
	GlobalSection(SolutionConfigurationPlatforms) = preSolution
		Debug|Any CPU = Debug|Any CPU
		Release|Any CPU = Release|Any CPU
	EndGlobalSection
	GlobalSection(ProjectConfigurationPlatforms) = postSolution
		{B621B444-BAFB-4117-BB2A-1C90FA814B89}.Debug|Any CPU.ActiveCfg = Debug|Any CPU
		{B621B444-BAFB-4117-BB2A-1C90FA814B89}.Debug|Any CPU.Build.0 = Debug|Any CPU
		{B621B444-BAFB-4117-BB2A-1C90FA814B89}.Release|Any CPU.ActiveCfg = Release|Any CPU
		{B621B444-BAFB-4117-BB2A-1C90FA814B89}.Release|Any CPU.Build.0 = Release|Any CPU
		{EEC741B7-AD23-4353-9826-E1BEC14DFDEB}.Debug|Any CPU.ActiveCfg = Debug|Any CPU
		{EEC741B7-AD23-4353-9826-E1BEC14DFDEB}.Debug|Any CPU.Build.0 = Debug|Any CPU
		{EEC741B7-AD23-4353-9826-E1BEC14DFDEB}.Release|Any CPU.ActiveCfg = Release|Any CPU
		{EEC741B7-AD23-4353-9826-E1BEC14DFDEB}.Release|Any CPU.Build.0 = Release|Any CPU
		{661220AB-0335-4FCE-AD2C-F2106BDCFF28}.Debug|Any CPU.ActiveCfg = Debug|Any CPU
		{661220AB-0335-4FCE-AD2C-F2106BDCFF28}.Debug|Any CPU.Build.0 = Debug|Any CPU
		{661220AB-0335-4FCE-AD2C-F2106BDCFF28}.Release|Any CPU.ActiveCfg = Release|Any CPU
		{661220AB-0335-4FCE-AD2C-F2106BDCFF28}.Release|Any CPU.Build.0 = Release|Any CPU
		{981546A3-2DC3-4360-A464-30DDEB1A1C20}.Debug|Any CPU.ActiveCfg = Debug|Any CPU
		{981546A3-2DC3-4360-A464-30DDEB1A1C20}.Debug|Any CPU.Build.0 = Debug|Any CPU
		{981546A3-2DC3-4360-A464-30DDEB1A1C20}.Release|Any CPU.ActiveCfg = Release|Any CPU
		{981546A3-2DC3-4360-A464-30DDEB1A1C20}.Release|Any CPU.Build.0 = Release|Any CPU
		{947F8F91-7123-4F71-9A83-816AA7F3A9E9}.Debug|Any CPU.ActiveCfg = Debug|Any CPU
		{947F8F91-7123-4F71-9A83-816AA7F3A9E9}.Debug|Any CPU.Build.0 = Debug|Any CPU
		{947F8F91-7123-4F71-9A83-816AA7F3A9E9}.Release|Any CPU.ActiveCfg = Release|Any CPU
		{947F8F91-7123-4F71-9A83-816AA7F3A9E9}.Release|Any CPU.Build.0 = Release|Any CPU
		{AFE53C9A-AA0D-4017-8F6D-57AF896FF170}.Debug|Any CPU.ActiveCfg = Debug|Any CPU
		{AFE53C9A-AA0D-4017-8F6D-57AF896FF170}.Debug|Any CPU.Build.0 = Debug|Any CPU
		{AFE53C9A-AA0D-4017-8F6D-57AF896FF170}.Release|Any CPU.ActiveCfg = Release|Any CPU
		{AFE53C9A-AA0D-4017-8F6D-57AF896FF170}.Release|Any CPU.Build.0 = Release|Any CPU
		{22EB7B8E-DA0D-4142-A0A7-30C7682CFA6D}.Debug|Any CPU.ActiveCfg = Debug|Any CPU
		{22EB7B8E-DA0D-4142-A0A7-30C7682CFA6D}.Debug|Any CPU.Build.0 = Debug|Any CPU
		{22EB7B8E-DA0D-4142-A0A7-30C7682CFA6D}.Release|Any CPU.ActiveCfg = Release|Any CPU
		{22EB7B8E-DA0D-4142-A0A7-30C7682CFA6D}.Release|Any CPU.Build.0 = Release|Any CPU
		{038E0630-5FA8-41D2-8A0F-8A3DD2307B65}.Debug|Any CPU.ActiveCfg = Debug|Any CPU
		{038E0630-5FA8-41D2-8A0F-8A3DD2307B65}.Debug|Any CPU.Build.0 = Debug|Any CPU
		{038E0630-5FA8-41D2-8A0F-8A3DD2307B65}.Release|Any CPU.ActiveCfg = Release|Any CPU
		{038E0630-5FA8-41D2-8A0F-8A3DD2307B65}.Release|Any CPU.Build.0 = Release|Any CPU
		{B5E7D103-128A-4715-BB1D-9BEBC73568CC}.Debug|Any CPU.ActiveCfg = Debug|Any CPU
		{B5E7D103-128A-4715-BB1D-9BEBC73568CC}.Debug|Any CPU.Build.0 = Debug|Any CPU
		{B5E7D103-128A-4715-BB1D-9BEBC73568CC}.Release|Any CPU.ActiveCfg = Release|Any CPU
		{B5E7D103-128A-4715-BB1D-9BEBC73568CC}.Release|Any CPU.Build.0 = Release|Any CPU
		{BCA6775A-3CE5-4950-89C8-335B4EBBFAC4}.Debug|Any CPU.ActiveCfg = Debug|Any CPU
		{BCA6775A-3CE5-4950-89C8-335B4EBBFAC4}.Debug|Any CPU.Build.0 = Debug|Any CPU
		{BCA6775A-3CE5-4950-89C8-335B4EBBFAC4}.Release|Any CPU.ActiveCfg = Release|Any CPU
		{BCA6775A-3CE5-4950-89C8-335B4EBBFAC4}.Release|Any CPU.Build.0 = Release|Any CPU
		{0B3AB4B8-C329-4C62-960D-41BC34052716}.Debug|Any CPU.ActiveCfg = Debug|Any CPU
		{0B3AB4B8-C329-4C62-960D-41BC34052716}.Debug|Any CPU.Build.0 = Debug|Any CPU
		{0B3AB4B8-C329-4C62-960D-41BC34052716}.Release|Any CPU.ActiveCfg = Release|Any CPU
		{0B3AB4B8-C329-4C62-960D-41BC34052716}.Release|Any CPU.Build.0 = Release|Any CPU
		{C9ED7725-D46F-4E06-A05C-54026E3A3A07}.Debug|Any CPU.ActiveCfg = Debug|Any CPU
		{C9ED7725-D46F-4E06-A05C-54026E3A3A07}.Debug|Any CPU.Build.0 = Debug|Any CPU
		{C9ED7725-D46F-4E06-A05C-54026E3A3A07}.Release|Any CPU.ActiveCfg = Release|Any CPU
		{C9ED7725-D46F-4E06-A05C-54026E3A3A07}.Release|Any CPU.Build.0 = Release|Any CPU
		{4ECC08E4-2B83-4BD3-978B-8D67D8CB56E9}.Debug|Any CPU.ActiveCfg = Debug|Any CPU
		{4ECC08E4-2B83-4BD3-978B-8D67D8CB56E9}.Debug|Any CPU.Build.0 = Debug|Any CPU
		{4ECC08E4-2B83-4BD3-978B-8D67D8CB56E9}.Release|Any CPU.ActiveCfg = Release|Any CPU
		{4ECC08E4-2B83-4BD3-978B-8D67D8CB56E9}.Release|Any CPU.Build.0 = Release|Any CPU
		{A9C09BEB-9C0F-494C-8A14-203DAE015CBF}.Debug|Any CPU.ActiveCfg = Debug|Any CPU
		{A9C09BEB-9C0F-494C-8A14-203DAE015CBF}.Debug|Any CPU.Build.0 = Debug|Any CPU
		{A9C09BEB-9C0F-494C-8A14-203DAE015CBF}.Release|Any CPU.ActiveCfg = Release|Any CPU
		{A9C09BEB-9C0F-494C-8A14-203DAE015CBF}.Release|Any CPU.Build.0 = Release|Any CPU
		{C6457195-6B99-4B9F-AB73-6FA9D60BE872}.Debug|Any CPU.ActiveCfg = Debug|Any CPU
		{C6457195-6B99-4B9F-AB73-6FA9D60BE872}.Debug|Any CPU.Build.0 = Debug|Any CPU
		{C6457195-6B99-4B9F-AB73-6FA9D60BE872}.Release|Any CPU.ActiveCfg = Release|Any CPU
		{C6457195-6B99-4B9F-AB73-6FA9D60BE872}.Release|Any CPU.Build.0 = Release|Any CPU
		{FE16BFD9-0D0B-4B44-9E75-DEF46F133D81}.Debug|Any CPU.ActiveCfg = Debug|Any CPU
		{FE16BFD9-0D0B-4B44-9E75-DEF46F133D81}.Debug|Any CPU.Build.0 = Debug|Any CPU
		{FE16BFD9-0D0B-4B44-9E75-DEF46F133D81}.Release|Any CPU.ActiveCfg = Release|Any CPU
		{FE16BFD9-0D0B-4B44-9E75-DEF46F133D81}.Release|Any CPU.Build.0 = Release|Any CPU
		{E4D4690D-9072-467E-BE68-E1F00D02073B}.Debug|Any CPU.ActiveCfg = Debug|Any CPU
		{E4D4690D-9072-467E-BE68-E1F00D02073B}.Debug|Any CPU.Build.0 = Debug|Any CPU
		{E4D4690D-9072-467E-BE68-E1F00D02073B}.Release|Any CPU.ActiveCfg = Release|Any CPU
		{E4D4690D-9072-467E-BE68-E1F00D02073B}.Release|Any CPU.Build.0 = Release|Any CPU
		{88F6762E-F83B-4BB8-A84C-626687CC6AAF}.Debug|Any CPU.ActiveCfg = Debug|Any CPU
		{88F6762E-F83B-4BB8-A84C-626687CC6AAF}.Debug|Any CPU.Build.0 = Debug|Any CPU
		{88F6762E-F83B-4BB8-A84C-626687CC6AAF}.Release|Any CPU.ActiveCfg = Release|Any CPU
		{88F6762E-F83B-4BB8-A84C-626687CC6AAF}.Release|Any CPU.Build.0 = Release|Any CPU
		{0AFCEC73-6001-40B4-B2C7-A3BDC3E6D884}.Debug|Any CPU.ActiveCfg = Debug|Any CPU
		{0AFCEC73-6001-40B4-B2C7-A3BDC3E6D884}.Debug|Any CPU.Build.0 = Debug|Any CPU
		{0AFCEC73-6001-40B4-B2C7-A3BDC3E6D884}.Release|Any CPU.ActiveCfg = Release|Any CPU
		{0AFCEC73-6001-40B4-B2C7-A3BDC3E6D884}.Release|Any CPU.Build.0 = Release|Any CPU
		{D9DB5B26-53DE-4CDD-910A-1A421388B4AB}.Debug|Any CPU.ActiveCfg = Debug|Any CPU
		{D9DB5B26-53DE-4CDD-910A-1A421388B4AB}.Debug|Any CPU.Build.0 = Debug|Any CPU
		{D9DB5B26-53DE-4CDD-910A-1A421388B4AB}.Release|Any CPU.ActiveCfg = Release|Any CPU
		{D9DB5B26-53DE-4CDD-910A-1A421388B4AB}.Release|Any CPU.Build.0 = Release|Any CPU
		{ECA7D166-3A4D-40B6-B156-57121FB5E5DF}.Debug|Any CPU.ActiveCfg = Debug|Any CPU
		{ECA7D166-3A4D-40B6-B156-57121FB5E5DF}.Debug|Any CPU.Build.0 = Debug|Any CPU
		{ECA7D166-3A4D-40B6-B156-57121FB5E5DF}.Release|Any CPU.ActiveCfg = Release|Any CPU
		{ECA7D166-3A4D-40B6-B156-57121FB5E5DF}.Release|Any CPU.Build.0 = Release|Any CPU
		{614A1B10-C544-4EC7-9C10-5375F40909ED}.Debug|Any CPU.ActiveCfg = Debug|Any CPU
		{614A1B10-C544-4EC7-9C10-5375F40909ED}.Debug|Any CPU.Build.0 = Debug|Any CPU
		{614A1B10-C544-4EC7-9C10-5375F40909ED}.Release|Any CPU.ActiveCfg = Release|Any CPU
		{614A1B10-C544-4EC7-9C10-5375F40909ED}.Release|Any CPU.Build.0 = Release|Any CPU
		{7A4A1DAC-FBA4-4D4C-B0B3-1AD7C86F4791}.Debug|Any CPU.ActiveCfg = Debug|Any CPU
		{7A4A1DAC-FBA4-4D4C-B0B3-1AD7C86F4791}.Debug|Any CPU.Build.0 = Debug|Any CPU
		{7A4A1DAC-FBA4-4D4C-B0B3-1AD7C86F4791}.Release|Any CPU.ActiveCfg = Release|Any CPU
		{7A4A1DAC-FBA4-4D4C-B0B3-1AD7C86F4791}.Release|Any CPU.Build.0 = Release|Any CPU
		{D337AFCC-4C6E-47DE-BCD4-2CA51CB167E9}.Debug|Any CPU.ActiveCfg = Debug|Any CPU
		{D337AFCC-4C6E-47DE-BCD4-2CA51CB167E9}.Debug|Any CPU.Build.0 = Debug|Any CPU
		{D337AFCC-4C6E-47DE-BCD4-2CA51CB167E9}.Release|Any CPU.ActiveCfg = Release|Any CPU
		{D337AFCC-4C6E-47DE-BCD4-2CA51CB167E9}.Release|Any CPU.Build.0 = Release|Any CPU
		{42750277-1318-4532-8916-9B27B45617A6}.Debug|Any CPU.ActiveCfg = Debug|Any CPU
		{42750277-1318-4532-8916-9B27B45617A6}.Debug|Any CPU.Build.0 = Debug|Any CPU
		{42750277-1318-4532-8916-9B27B45617A6}.Release|Any CPU.ActiveCfg = Release|Any CPU
		{42750277-1318-4532-8916-9B27B45617A6}.Release|Any CPU.Build.0 = Release|Any CPU
		{8B6F3835-9693-47E5-9907-CE696042281B}.Debug|Any CPU.ActiveCfg = Debug|Any CPU
		{8B6F3835-9693-47E5-9907-CE696042281B}.Debug|Any CPU.Build.0 = Debug|Any CPU
		{8B6F3835-9693-47E5-9907-CE696042281B}.Release|Any CPU.ActiveCfg = Release|Any CPU
		{8B6F3835-9693-47E5-9907-CE696042281B}.Release|Any CPU.Build.0 = Release|Any CPU
		{9B29D7BC-EB4D-4E0A-97AD-D2BF2A4C0FF3}.Debug|Any CPU.ActiveCfg = Debug|Any CPU
		{9B29D7BC-EB4D-4E0A-97AD-D2BF2A4C0FF3}.Debug|Any CPU.Build.0 = Debug|Any CPU
		{9B29D7BC-EB4D-4E0A-97AD-D2BF2A4C0FF3}.Release|Any CPU.ActiveCfg = Release|Any CPU
		{9B29D7BC-EB4D-4E0A-97AD-D2BF2A4C0FF3}.Release|Any CPU.Build.0 = Release|Any CPU
		{A7F24E6D-B9CF-4F0E-9C98-819BB955F0BB}.Debug|Any CPU.ActiveCfg = Debug|Any CPU
		{A7F24E6D-B9CF-4F0E-9C98-819BB955F0BB}.Debug|Any CPU.Build.0 = Debug|Any CPU
		{A7F24E6D-B9CF-4F0E-9C98-819BB955F0BB}.Release|Any CPU.ActiveCfg = Release|Any CPU
		{A7F24E6D-B9CF-4F0E-9C98-819BB955F0BB}.Release|Any CPU.Build.0 = Release|Any CPU
		{BB307B68-FC7F-410A-9621-192512A5E8B7}.Debug|Any CPU.ActiveCfg = Debug|Any CPU
		{BB307B68-FC7F-410A-9621-192512A5E8B7}.Debug|Any CPU.Build.0 = Debug|Any CPU
		{BB307B68-FC7F-410A-9621-192512A5E8B7}.Release|Any CPU.ActiveCfg = Release|Any CPU
		{BB307B68-FC7F-410A-9621-192512A5E8B7}.Release|Any CPU.Build.0 = Release|Any CPU
		{2D9E939C-E193-4A5C-8B96-C59BE486D9B2}.Debug|Any CPU.ActiveCfg = Debug|Any CPU
		{2D9E939C-E193-4A5C-8B96-C59BE486D9B2}.Debug|Any CPU.Build.0 = Debug|Any CPU
		{2D9E939C-E193-4A5C-8B96-C59BE486D9B2}.Release|Any CPU.ActiveCfg = Release|Any CPU
		{2D9E939C-E193-4A5C-8B96-C59BE486D9B2}.Release|Any CPU.Build.0 = Release|Any CPU
		{70DF4457-808B-4B2F-A788-504FCAA211B8}.Debug|Any CPU.ActiveCfg = Debug|Any CPU
		{70DF4457-808B-4B2F-A788-504FCAA211B8}.Debug|Any CPU.Build.0 = Debug|Any CPU
		{70DF4457-808B-4B2F-A788-504FCAA211B8}.Release|Any CPU.ActiveCfg = Release|Any CPU
		{70DF4457-808B-4B2F-A788-504FCAA211B8}.Release|Any CPU.Build.0 = Release|Any CPU
		{A9280153-38E9-4352-91D9-BB7C03D7E37E}.Debug|Any CPU.ActiveCfg = Debug|Any CPU
		{A9280153-38E9-4352-91D9-BB7C03D7E37E}.Debug|Any CPU.Build.0 = Debug|Any CPU
		{A9280153-38E9-4352-91D9-BB7C03D7E37E}.Release|Any CPU.ActiveCfg = Release|Any CPU
		{A9280153-38E9-4352-91D9-BB7C03D7E37E}.Release|Any CPU.Build.0 = Release|Any CPU
		{C25E9636-EA32-4F19-A76D-2F0BB569B174}.Debug|Any CPU.ActiveCfg = Debug|Any CPU
		{C25E9636-EA32-4F19-A76D-2F0BB569B174}.Debug|Any CPU.Build.0 = Debug|Any CPU
		{C25E9636-EA32-4F19-A76D-2F0BB569B174}.Release|Any CPU.ActiveCfg = Release|Any CPU
		{C25E9636-EA32-4F19-A76D-2F0BB569B174}.Release|Any CPU.Build.0 = Release|Any CPU
		{8FA5A596-A010-4065-AB01-25C56DEFDC5F}.Debug|Any CPU.ActiveCfg = Debug|Any CPU
		{8FA5A596-A010-4065-AB01-25C56DEFDC5F}.Debug|Any CPU.Build.0 = Debug|Any CPU
		{8FA5A596-A010-4065-AB01-25C56DEFDC5F}.Release|Any CPU.ActiveCfg = Release|Any CPU
		{8FA5A596-A010-4065-AB01-25C56DEFDC5F}.Release|Any CPU.Build.0 = Release|Any CPU
		{C1BA9C88-7A89-40A8-9B15-637385726889}.Debug|Any CPU.ActiveCfg = Debug|Any CPU
		{C1BA9C88-7A89-40A8-9B15-637385726889}.Debug|Any CPU.Build.0 = Debug|Any CPU
		{C1BA9C88-7A89-40A8-9B15-637385726889}.Release|Any CPU.ActiveCfg = Release|Any CPU
		{C1BA9C88-7A89-40A8-9B15-637385726889}.Release|Any CPU.Build.0 = Release|Any CPU
		{888E285A-9D0E-40DE-B736-F01D671CA006}.Debug|Any CPU.ActiveCfg = Debug|Any CPU
		{888E285A-9D0E-40DE-B736-F01D671CA006}.Debug|Any CPU.Build.0 = Debug|Any CPU
		{888E285A-9D0E-40DE-B736-F01D671CA006}.Release|Any CPU.ActiveCfg = Release|Any CPU
		{888E285A-9D0E-40DE-B736-F01D671CA006}.Release|Any CPU.Build.0 = Release|Any CPU
		{BE639E47-4F16-442C-9B1D-431491F091E7}.Debug|Any CPU.ActiveCfg = Debug|Any CPU
		{BE639E47-4F16-442C-9B1D-431491F091E7}.Debug|Any CPU.Build.0 = Debug|Any CPU
		{BE639E47-4F16-442C-9B1D-431491F091E7}.Release|Any CPU.ActiveCfg = Release|Any CPU
		{BE639E47-4F16-442C-9B1D-431491F091E7}.Release|Any CPU.Build.0 = Release|Any CPU
	EndGlobalSection
	GlobalSection(SolutionProperties) = preSolution
		HideSolutionNode = FALSE
	EndGlobalSection
	GlobalSection(NestedProjects) = preSolution
		{B621B444-BAFB-4117-BB2A-1C90FA814B89} = {95319140-354A-45B8-BA85-94D0CBE172B4}
		{EEC741B7-AD23-4353-9826-E1BEC14DFDEB} = {95319140-354A-45B8-BA85-94D0CBE172B4}
		{661220AB-0335-4FCE-AD2C-F2106BDCFF28} = {95319140-354A-45B8-BA85-94D0CBE172B4}
		{981546A3-2DC3-4360-A464-30DDEB1A1C20} = {95319140-354A-45B8-BA85-94D0CBE172B4}
		{947F8F91-7123-4F71-9A83-816AA7F3A9E9} = {95319140-354A-45B8-BA85-94D0CBE172B4}
		{AFE53C9A-AA0D-4017-8F6D-57AF896FF170} = {95319140-354A-45B8-BA85-94D0CBE172B4}
		{22EB7B8E-DA0D-4142-A0A7-30C7682CFA6D} = {95319140-354A-45B8-BA85-94D0CBE172B4}
		{038E0630-5FA8-41D2-8A0F-8A3DD2307B65} = {95319140-354A-45B8-BA85-94D0CBE172B4}
		{B5E7D103-128A-4715-BB1D-9BEBC73568CC} = {95319140-354A-45B8-BA85-94D0CBE172B4}
		{BCA6775A-3CE5-4950-89C8-335B4EBBFAC4} = {133FECA7-B767-42E7-816D-55AE72C5C118}
		{0B3AB4B8-C329-4C62-960D-41BC34052716} = {133FECA7-B767-42E7-816D-55AE72C5C118}
		{C9ED7725-D46F-4E06-A05C-54026E3A3A07} = {133FECA7-B767-42E7-816D-55AE72C5C118}
		{4ECC08E4-2B83-4BD3-978B-8D67D8CB56E9} = {133FECA7-B767-42E7-816D-55AE72C5C118}
		{A9C09BEB-9C0F-494C-8A14-203DAE015CBF} = {133FECA7-B767-42E7-816D-55AE72C5C118}
		{C6457195-6B99-4B9F-AB73-6FA9D60BE872} = {133FECA7-B767-42E7-816D-55AE72C5C118}
		{FE16BFD9-0D0B-4B44-9E75-DEF46F133D81} = {133FECA7-B767-42E7-816D-55AE72C5C118}
		{E4D4690D-9072-467E-BE68-E1F00D02073B} = {133FECA7-B767-42E7-816D-55AE72C5C118}
		{88F6762E-F83B-4BB8-A84C-626687CC6AAF} = {9889AD88-1B42-492D-9C75-6492FD2012BA}
		{0AFCEC73-6001-40B4-B2C7-A3BDC3E6D884} = {9889AD88-1B42-492D-9C75-6492FD2012BA}
		{D9DB5B26-53DE-4CDD-910A-1A421388B4AB} = {9889AD88-1B42-492D-9C75-6492FD2012BA}
		{ECA7D166-3A4D-40B6-B156-57121FB5E5DF} = {9889AD88-1B42-492D-9C75-6492FD2012BA}
		{614A1B10-C544-4EC7-9C10-5375F40909ED} = {9889AD88-1B42-492D-9C75-6492FD2012BA}
		{7A4A1DAC-FBA4-4D4C-B0B3-1AD7C86F4791} = {1ACC9CF6-E44F-499B-B3AD-993CE170E3BB}
		{D337AFCC-4C6E-47DE-BCD4-2CA51CB167E9} = {1ACC9CF6-E44F-499B-B3AD-993CE170E3BB}
		{42750277-1318-4532-8916-9B27B45617A6} = {1ACC9CF6-E44F-499B-B3AD-993CE170E3BB}
		{8B6F3835-9693-47E5-9907-CE696042281B} = {1ACC9CF6-E44F-499B-B3AD-993CE170E3BB}
		{9B29D7BC-EB4D-4E0A-97AD-D2BF2A4C0FF3} = {1ACC9CF6-E44F-499B-B3AD-993CE170E3BB}
		{A7F24E6D-B9CF-4F0E-9C98-819BB955F0BB} = {1ACC9CF6-E44F-499B-B3AD-993CE170E3BB}
		{BB307B68-FC7F-410A-9621-192512A5E8B7} = {1ACC9CF6-E44F-499B-B3AD-993CE170E3BB}
		{2D9E939C-E193-4A5C-8B96-C59BE486D9B2} = {4738F7E8-1C89-4475-9CA7-280EB696AFBA}
		{70DF4457-808B-4B2F-A788-504FCAA211B8} = {4738F7E8-1C89-4475-9CA7-280EB696AFBA}
		{A9280153-38E9-4352-91D9-BB7C03D7E37E} = {4738F7E8-1C89-4475-9CA7-280EB696AFBA}
		{C25E9636-EA32-4F19-A76D-2F0BB569B174} = {4738F7E8-1C89-4475-9CA7-280EB696AFBA}
		{8FA5A596-A010-4065-AB01-25C56DEFDC5F} = {4738F7E8-1C89-4475-9CA7-280EB696AFBA}
		{C1BA9C88-7A89-40A8-9B15-637385726889} = {4738F7E8-1C89-4475-9CA7-280EB696AFBA}
		{888E285A-9D0E-40DE-B736-F01D671CA006} = {4738F7E8-1C89-4475-9CA7-280EB696AFBA}
		{BE639E47-4F16-442C-9B1D-431491F091E7} = {4738F7E8-1C89-4475-9CA7-280EB696AFBA}
	EndGlobalSection
	GlobalSection(ExtensibilityGlobals) = postSolution
		SolutionGuid = {3345C2A6-6514-4944-9459-D279202C153E}
	EndGlobalSection
EndGlobal
