
Microsoft Visual Studio Solution File, Format Version 12.00
# Visual Studio Version 17
VisualStudioVersion = 17.3.32825.248
MinimumVisualStudioVersion = 10.0.40219.1
Project("{FAE04EC0-301F-11D3-BF4B-00C04F79EFBC}") = "HttpWebRequests", "PracticeTwo\HttpWebRequests.csproj", "{48F3B50C-3792-45DD-B9A3-9AE1C52D20B4}"
EndProject
Project("{2150E333-8FDC-42A3-9474-1A3956D46DE8}") = "接口", "接口", "{17741D93-9FB5-4134-B4CB-2E99BE127FAF}"
EndProject
Project("{FAE04EC0-301F-11D3-BF4B-00C04F79EFBC}") = "InApi", "InApi\InApi.csproj", "{6BB3063F-5651-41FF-AB55-0B4CCF8136D2}"
EndProject
Project("{FAE04EC0-301F-11D3-BF4B-00C04F79EFBC}") = "OutApi", "OutApi\OutApi.csproj", "{F0EBA706-4F62-441C-BB7F-8AC277924DA1}"
EndProject
Project("{2150E333-8FDC-42A3-9474-1A3956D46DE8}") = "Http", "Http", "{3A7E3553-C278-4DFC-A868-263BE42659C0}"
EndProject
Project("{FAE04EC0-301F-11D3-BF4B-00C04F79EFBC}") = "HttpResponse", "HttpResponse\HttpResponse.csproj", "{05CA3C1D-C2E2-4D7B-9D9F-1EB4E8B237DD}"
EndProject
Project("{FAE04EC0-301F-11D3-BF4B-00C04F79EFBC}") = "HttpWebRequestMvc", "HttpWebRequestMvc\HttpWebRequestMvc.csproj", "{E85ADB0F-3A6C-4192-A610-F5968105C01B}"
EndProject
Project("{FAE04EC0-301F-11D3-BF4B-00C04F79EFBC}") = "HttpMessage", "ConsoleApplication1\HttpMessage.csproj", "{715295EB-E88C-41A5-8509-A85B22BAD1C7}"
EndProject
Project("{FAE04EC0-301F-11D3-BF4B-00C04F79EFBC}") = "RegexHelper", "Regexs\RegexHelper.csproj", "{2384C4BA-434B-4D1E-86E1-A83A09CAFB90}"
EndProject
Project("{2150E333-8FDC-42A3-9474-1A3956D46DE8}") = "Tool", "Tool", "{E5965574-AA59-4BE7-B1D7-3A8F243C9AFD}"
EndProject
Project("{FAE04EC0-301F-11D3-BF4B-00C04F79EFBC}") = "StringHelper", "StringHelper\StringHelper.csproj", "{A00A615C-52C9-47CB-8663-A5F52CEBE670}"
EndProject
Project("{FAE04EC0-301F-11D3-BF4B-00C04F79EFBC}") = "TimeHelper", "TimeHelper\TimeHelper.csproj", "{4CF12B67-2A2B-4627-825D-98AEADE37C6E}"
EndProject
Project("{2150E333-8FDC-42A3-9474-1A3956D46DE8}") = "Lock", "Lock", "{BB6EA915-A286-4E97-ADEC-BADD2C8F8652}"
EndProject
Project("{FAE04EC0-301F-11D3-BF4B-00C04F79EFBC}") = "LockPractice", "LockPractice\LockPractice.csproj", "{D3412405-7F4F-4F93-A254-C9C13E77247A}"
EndProject
Project("{FAE04EC0-301F-11D3-BF4B-00C04F79EFBC}") = "Threading", "Threading\Threading.csproj", "{5C5D0C58-826E-4772-9752-BA7A1CE3B9A3}"
EndProject
Project("{2150E333-8FDC-42A3-9474-1A3956D46DE8}") = "定时", "定时", "{79D9C488-F952-4A0A-ADE8-7A90D6323F0A}"
EndProject
Project("{FAE04EC0-301F-11D3-BF4B-00C04F79EFBC}") = "TimeTask", "TimeTask\TimeTask.csproj", "{F9FB4626-56C2-4AD3-8070-EC3A79D2327B}"
EndProject
Project("{2150E333-8FDC-42A3-9474-1A3956D46DE8}") = "线程", "线程", "{DE291ADD-2866-4D48-A135-D6D3654FE8E7}"
EndProject
Global
	GlobalSection(SolutionConfigurationPlatforms) = preSolution
		Debug|Any CPU = Debug|Any CPU
		Release|Any CPU = Release|Any CPU
	EndGlobalSection
	GlobalSection(ProjectConfigurationPlatforms) = postSolution
		{48F3B50C-3792-45DD-B9A3-9AE1C52D20B4}.Debug|Any CPU.ActiveCfg = Debug|Any CPU
		{48F3B50C-3792-45DD-B9A3-9AE1C52D20B4}.Debug|Any CPU.Build.0 = Debug|Any CPU
		{48F3B50C-3792-45DD-B9A3-9AE1C52D20B4}.Release|Any CPU.ActiveCfg = Release|Any CPU
		{48F3B50C-3792-45DD-B9A3-9AE1C52D20B4}.Release|Any CPU.Build.0 = Release|Any CPU
		{6BB3063F-5651-41FF-AB55-0B4CCF8136D2}.Debug|Any CPU.ActiveCfg = Debug|Any CPU
		{6BB3063F-5651-41FF-AB55-0B4CCF8136D2}.Debug|Any CPU.Build.0 = Debug|Any CPU
		{6BB3063F-5651-41FF-AB55-0B4CCF8136D2}.Release|Any CPU.ActiveCfg = Release|Any CPU
		{6BB3063F-5651-41FF-AB55-0B4CCF8136D2}.Release|Any CPU.Build.0 = Release|Any CPU
		{F0EBA706-4F62-441C-BB7F-8AC277924DA1}.Debug|Any CPU.ActiveCfg = Debug|Any CPU
		{F0EBA706-4F62-441C-BB7F-8AC277924DA1}.Debug|Any CPU.Build.0 = Debug|Any CPU
		{F0EBA706-4F62-441C-BB7F-8AC277924DA1}.Release|Any CPU.ActiveCfg = Release|Any CPU
		{F0EBA706-4F62-441C-BB7F-8AC277924DA1}.Release|Any CPU.Build.0 = Release|Any CPU
		{05CA3C1D-C2E2-4D7B-9D9F-1EB4E8B237DD}.Debug|Any CPU.ActiveCfg = Debug|Any CPU
		{05CA3C1D-C2E2-4D7B-9D9F-1EB4E8B237DD}.Debug|Any CPU.Build.0 = Debug|Any CPU
		{05CA3C1D-C2E2-4D7B-9D9F-1EB4E8B237DD}.Release|Any CPU.ActiveCfg = Release|Any CPU
		{05CA3C1D-C2E2-4D7B-9D9F-1EB4E8B237DD}.Release|Any CPU.Build.0 = Release|Any CPU
		{E85ADB0F-3A6C-4192-A610-F5968105C01B}.Debug|Any CPU.ActiveCfg = Debug|Any CPU
		{E85ADB0F-3A6C-4192-A610-F5968105C01B}.Debug|Any CPU.Build.0 = Debug|Any CPU
		{E85ADB0F-3A6C-4192-A610-F5968105C01B}.Release|Any CPU.ActiveCfg = Release|Any CPU
		{E85ADB0F-3A6C-4192-A610-F5968105C01B}.Release|Any CPU.Build.0 = Release|Any CPU
		{715295EB-E88C-41A5-8509-A85B22BAD1C7}.Debug|Any CPU.ActiveCfg = Debug|Any CPU
		{715295EB-E88C-41A5-8509-A85B22BAD1C7}.Debug|Any CPU.Build.0 = Debug|Any CPU
		{715295EB-E88C-41A5-8509-A85B22BAD1C7}.Release|Any CPU.ActiveCfg = Release|Any CPU
		{715295EB-E88C-41A5-8509-A85B22BAD1C7}.Release|Any CPU.Build.0 = Release|Any CPU
		{2384C4BA-434B-4D1E-86E1-A83A09CAFB90}.Debug|Any CPU.ActiveCfg = Debug|Any CPU
		{2384C4BA-434B-4D1E-86E1-A83A09CAFB90}.Debug|Any CPU.Build.0 = Debug|Any CPU
		{2384C4BA-434B-4D1E-86E1-A83A09CAFB90}.Release|Any CPU.ActiveCfg = Release|Any CPU
		{2384C4BA-434B-4D1E-86E1-A83A09CAFB90}.Release|Any CPU.Build.0 = Release|Any CPU
		{A00A615C-52C9-47CB-8663-A5F52CEBE670}.Debug|Any CPU.ActiveCfg = Debug|Any CPU
		{A00A615C-52C9-47CB-8663-A5F52CEBE670}.Debug|Any CPU.Build.0 = Debug|Any CPU
		{A00A615C-52C9-47CB-8663-A5F52CEBE670}.Release|Any CPU.ActiveCfg = Release|Any CPU
		{A00A615C-52C9-47CB-8663-A5F52CEBE670}.Release|Any CPU.Build.0 = Release|Any CPU
		{4CF12B67-2A2B-4627-825D-98AEADE37C6E}.Debug|Any CPU.ActiveCfg = Debug|Any CPU
		{4CF12B67-2A2B-4627-825D-98AEADE37C6E}.Debug|Any CPU.Build.0 = Debug|Any CPU
		{4CF12B67-2A2B-4627-825D-98AEADE37C6E}.Release|Any CPU.ActiveCfg = Release|Any CPU
		{4CF12B67-2A2B-4627-825D-98AEADE37C6E}.Release|Any CPU.Build.0 = Release|Any CPU
		{D3412405-7F4F-4F93-A254-C9C13E77247A}.Debug|Any CPU.ActiveCfg = Debug|Any CPU
		{D3412405-7F4F-4F93-A254-C9C13E77247A}.Debug|Any CPU.Build.0 = Debug|Any CPU
		{D3412405-7F4F-4F93-A254-C9C13E77247A}.Release|Any CPU.ActiveCfg = Release|Any CPU
		{D3412405-7F4F-4F93-A254-C9C13E77247A}.Release|Any CPU.Build.0 = Release|Any CPU
		{5C5D0C58-826E-4772-9752-BA7A1CE3B9A3}.Debug|Any CPU.ActiveCfg = Debug|Any CPU
		{5C5D0C58-826E-4772-9752-BA7A1CE3B9A3}.Debug|Any CPU.Build.0 = Debug|Any CPU
		{5C5D0C58-826E-4772-9752-BA7A1CE3B9A3}.Release|Any CPU.ActiveCfg = Release|Any CPU
		{5C5D0C58-826E-4772-9752-BA7A1CE3B9A3}.Release|Any CPU.Build.0 = Release|Any CPU
		{F9FB4626-56C2-4AD3-8070-EC3A79D2327B}.Debug|Any CPU.ActiveCfg = Debug|Any CPU
		{F9FB4626-56C2-4AD3-8070-EC3A79D2327B}.Debug|Any CPU.Build.0 = Debug|Any CPU
		{F9FB4626-56C2-4AD3-8070-EC3A79D2327B}.Release|Any CPU.ActiveCfg = Release|Any CPU
		{F9FB4626-56C2-4AD3-8070-EC3A79D2327B}.Release|Any CPU.Build.0 = Release|Any CPU
	EndGlobalSection
	GlobalSection(SolutionProperties) = preSolution
		HideSolutionNode = FALSE
	EndGlobalSection
	GlobalSection(NestedProjects) = preSolution
		{48F3B50C-3792-45DD-B9A3-9AE1C52D20B4} = {3A7E3553-C278-4DFC-A868-263BE42659C0}
		{6BB3063F-5651-41FF-AB55-0B4CCF8136D2} = {17741D93-9FB5-4134-B4CB-2E99BE127FAF}
		{F0EBA706-4F62-441C-BB7F-8AC277924DA1} = {17741D93-9FB5-4134-B4CB-2E99BE127FAF}
		{05CA3C1D-C2E2-4D7B-9D9F-1EB4E8B237DD} = {3A7E3553-C278-4DFC-A868-263BE42659C0}
		{E85ADB0F-3A6C-4192-A610-F5968105C01B} = {3A7E3553-C278-4DFC-A868-263BE42659C0}
		{715295EB-E88C-41A5-8509-A85B22BAD1C7} = {3A7E3553-C278-4DFC-A868-263BE42659C0}
		{2384C4BA-434B-4D1E-86E1-A83A09CAFB90} = {E5965574-AA59-4BE7-B1D7-3A8F243C9AFD}
		{A00A615C-52C9-47CB-8663-A5F52CEBE670} = {E5965574-AA59-4BE7-B1D7-3A8F243C9AFD}
		{4CF12B67-2A2B-4627-825D-98AEADE37C6E} = {E5965574-AA59-4BE7-B1D7-3A8F243C9AFD}
		{D3412405-7F4F-4F93-A254-C9C13E77247A} = {BB6EA915-A286-4E97-ADEC-BADD2C8F8652}
		{5C5D0C58-826E-4772-9752-BA7A1CE3B9A3} = {DE291ADD-2866-4D48-A135-D6D3654FE8E7}
		{F9FB4626-56C2-4AD3-8070-EC3A79D2327B} = {79D9C488-F952-4A0A-ADE8-7A90D6323F0A}
	EndGlobalSection
	GlobalSection(ExtensibilityGlobals) = postSolution
		SolutionGuid = {67D4B53A-EB99-4EF6-9DA8-16284EECEC04}
	EndGlobalSection
EndGlobal
