
Microsoft Visual Studio Solution File, Format Version 12.00
# Visual Studio 14
VisualStudioVersion = 14.0.23107.0
MinimumVisualStudioVersion = 10.0.40219.1
Project("{FAE04EC0-301F-11D3-BF4B-00C04F79EFBC}") = "AspNet", "QRC\AspNet.csproj", "{A43920E8-14DE-4540-81AA-B92B54AEC28C}"
EndProject
Project("{FAE04EC0-301F-11D3-BF4B-00C04F79EFBC}") = "HttpRequestAndHttpResponse", "HttpRequestAndHttpResponse\HttpRequestAndHttpResponse.csproj", "{0588ED46-F09B-4182-A7D2-A832544CCB0E}"
EndProject
Project("{FAE04EC0-301F-11D3-BF4B-00C04F79EFBC}") = "digui", "digui\digui.csproj", "{2E7AE373-15BB-497E-A55F-04AF23BEAB6D}"
EndProject
Project("{FAE04EC0-301F-11D3-BF4B-00C04F79EFBC}") = "redis", "redis\redis.csproj", "{DC57FF8E-FC7C-4959-8A41-6F414D83B61C}"
EndProject
Project("{FAE04EC0-301F-11D3-BF4B-00C04F79EFBC}") = "DapperCrud", "DapperCrud\DapperCrud.csproj", "{9C441552-CFEB-49AD-8BDB-F1F542DF5F66}"
EndProject
Project("{FAE04EC0-301F-11D3-BF4B-00C04F79EFBC}") = "FuncAndAction", "FuncAndAction\FuncAndAction.csproj", "{F4526CF5-E404-46F8-9F37-34103F90E93E}"
EndProject
Project("{FAE04EC0-301F-11D3-BF4B-00C04F79EFBC}") = "HttpContexts", "HttpContext\HttpContexts.csproj", "{07404073-9471-4447-86A8-902A9F9B844B}"
EndProject
Project("{FAE04EC0-301F-11D3-BF4B-00C04F79EFBC}") = "Linqs", "Linqs\Linqs.csproj", "{A44A30DC-0EA6-4DA2-B3AC-43D33572C3AC}"
EndProject
Project("{2150E333-8FDC-42A3-9474-1A3956D46DE8}") = "中台工具类", "中台工具类", "{0DF84072-7176-4ABF-B2B5-6B6BC0479E66}"
EndProject
Project("{FAE04EC0-301F-11D3-BF4B-00C04F79EFBC}") = "ApiHelper", "ApiHelper\ApiHelper.csproj", "{F5AF1506-0A81-4824-9CD2-F79F2A275DEC}"
EndProject
Project("{2150E333-8FDC-42A3-9474-1A3956D46DE8}") = "练习", "练习", "{F04042FD-053A-49B1-8682-E9FC0ADC4B84}"
EndProject
Project("{FAE04EC0-301F-11D3-BF4B-00C04F79EFBC}") = "System.Threading", "System.Threading\System.Threading.csproj", "{05A38FCA-4F97-487A-A058-BDDAF372A00D}"
EndProject
Project("{FAE04EC0-301F-11D3-BF4B-00C04F79EFBC}") = "HashSetes", "HashSetes\HashSetes.csproj", "{E1332258-94AA-4730-AA28-020AAAE2FCF3}"
EndProject
Project("{FAE04EC0-301F-11D3-BF4B-00C04F79EFBC}") = "Attributes", "Attribute\Attributes.csproj", "{AB809480-33B8-42FF-A933-7ECB3574DB23}"
EndProject
Project("{2150E333-8FDC-42A3-9474-1A3956D46DE8}") = "Attribute练习", "Attribute练习", "{6C5C9DF8-3D92-4E5D-8A3F-EC15621BDB62}"
EndProject
Project("{FAE04EC0-301F-11D3-BF4B-00C04F79EFBC}") = "将数字输出汉字", "将数字输出汉字\将数字输出汉字.csproj", "{353841C8-AD5A-4E6C-A43E-1154A60EDF4F}"
EndProject
Project("{2150E333-8FDC-42A3-9474-1A3956D46DE8}") = "Filter", "Filter", "{D702E851-88C2-4BE1-9EBC-0B1B6A8AC5D2}"
EndProject
Project("{FAE04EC0-301F-11D3-BF4B-00C04F79EFBC}") = "FourFilter", "FourFilter\FourFilter.csproj", "{7D5AFD5B-6420-41E8-8BF9-6510F2B5318D}"
EndProject
Project("{2150E333-8FDC-42A3-9474-1A3956D46DE8}") = "依赖注入", "依赖注入", "{7A322DD1-4017-484B-8828-1F06ADD0C462}"
EndProject
Project("{FAE04EC0-301F-11D3-BF4B-00C04F79EFBC}") = "AutoFacPractice", "AutoFacPractice\AutoFacPractice.csproj", "{B311F78F-674D-48DF-A640-5D8B62AD120A}"
EndProject
Project("{FAE04EC0-301F-11D3-BF4B-00C04F79EFBC}") = "AutoMapperPractice", "..\AutoMapper\AutoMapperPractice\AutoMapperPractice.csproj", "{5B92F682-2405-4467-9A44-E55CF32F1845}"
EndProject
Project("{2150E333-8FDC-42A3-9474-1A3956D46DE8}") = "事件委托", "事件委托", "{7F6E77A3-4B78-45DA-835F-D19E6B3B7BFE}"
EndProject
Project("{FAE04EC0-301F-11D3-BF4B-00C04F79EFBC}") = "Event", "Event\Event.csproj", "{F749D020-E73B-4681-975F-962D04E310DE}"
EndProject
Project("{FAE04EC0-301F-11D3-BF4B-00C04F79EFBC}") = "BoilerEventApp", "BoilerEventApp\BoilerEventApp.csproj", "{065C4E6D-A67F-4C6A-B72A-0A95DB79D65F}"
EndProject
Project("{FAE04EC0-301F-11D3-BF4B-00C04F79EFBC}") = "DuoDelegates", "DuoDelegates\DuoDelegates.csproj", "{5FEA8F29-A7CA-4058-A3D9-4FD8A5BA0621}"
EndProject
Project("{FAE04EC0-301F-11D3-BF4B-00C04F79EFBC}") = "RequestResponse", "RequestResponse\RequestResponse.csproj", "{4730459A-9DF0-4A28-97A1-AEE6E73F2070}"
EndProject
Project("{FAE04EC0-301F-11D3-BF4B-00C04F79EFBC}") = "Comparable", "Comparable\Comparable.csproj", "{A8A51626-A8D5-44D1-8BAB-24A6A08B1828}"
EndProject
Project("{2150E333-8FDC-42A3-9474-1A3956D46DE8}") = "类型", "类型", "{BEE547E7-8ECF-46D0-B0C3-3FA68985612C}"
EndProject
Project("{FAE04EC0-301F-11D3-BF4B-00C04F79EFBC}") = "TypeConvert", "TypeConvert\TypeConvert.csproj", "{FC58697C-82F5-468E-87B3-A34D38FFD11D}"
EndProject
Project("{FAE04EC0-301F-11D3-BF4B-00C04F79EFBC}") = "Type T", "Type T\Type T.csproj", "{ECDBE85E-7764-4A38-868F-BA8E2A45EDBE}"
EndProject
Project("{2150E333-8FDC-42A3-9474-1A3956D46DE8}") = "流", "流", "{C4C92AE4-6DF2-404D-8936-44CC8D5015C6}"
EndProject
Project("{FAE04EC0-301F-11D3-BF4B-00C04F79EFBC}") = "Streams", "Streams\Streams.csproj", "{33606577-2F52-4A8B-AEDB-C6D043DEEAA6}"
EndProject
Project("{2150E333-8FDC-42A3-9474-1A3956D46DE8}") = "通用类", "通用类", "{FD5D3FCD-AD28-4E57-A032-5EBA8BBB4E33}"
EndProject
Project("{2150E333-8FDC-42A3-9474-1A3956D46DE8}") = "Linq", "Linq", "{90CE6854-425D-45B5-8318-6264D3A758F3}"
EndProject
Project("{2150E333-8FDC-42A3-9474-1A3956D46DE8}") = "dapper", "dapper", "{CA0491E1-8B20-47E1-8460-7EE8E512FB44}"
EndProject
Project("{2150E333-8FDC-42A3-9474-1A3956D46DE8}") = "redises", "redises", "{53FE1FD7-885F-463F-88FA-665E03AF9DD3}"
EndProject
Project("{2150E333-8FDC-42A3-9474-1A3956D46DE8}") = "Http", "Http", "{08F6EB5F-CA6A-41CA-A8D1-DBA1443F1960}"
EndProject
Project("{2150E333-8FDC-42A3-9474-1A3956D46DE8}") = "线程", "线程", "{F2BB0317-22AE-4CF2-8366-A1F1DB83BEDA}"
EndProject
Project("{2150E333-8FDC-42A3-9474-1A3956D46DE8}") = "排单工具类", "排单工具类", "{B3A0C0EA-0290-4E16-915A-52640F8E5565}"
EndProject
Project("{2150E333-8FDC-42A3-9474-1A3956D46DE8}") = "运算符", "运算符", "{3D5B73E1-1B94-421B-AB35-7D8712539719}"
EndProject
Project("{FAE04EC0-301F-11D3-BF4B-00C04F79EFBC}") = "BitOperation", "BitOperation\BitOperation.csproj", "{20AB3465-5499-4E94-AEF7-7B4416078E0F}"
EndProject
Project("{2150E333-8FDC-42A3-9474-1A3956D46DE8}") = "单例模式", "单例模式", "{5D44DDF7-2C5F-4F8C-830D-5BE9A456DE26}"
EndProject
Project("{FAE04EC0-301F-11D3-BF4B-00C04F79EFBC}") = "DesignMode", "DesignMode\DesignMode.csproj", "{F276182C-B353-48A1-94A0-B2587A9485B8}"
EndProject
Project("{2150E333-8FDC-42A3-9474-1A3956D46DE8}") = "面向对象", "面向对象", "{1297B3F9-84C2-460A-928C-11F47C09A117}"
EndProject
Project("{2150E333-8FDC-42A3-9474-1A3956D46DE8}") = "5个设计原则", "5个设计原则", "{20E8B5B1-A0ED-45D2-825E-9D63BD8CF86F}"
EndProject
Project("{2150E333-8FDC-42A3-9474-1A3956D46DE8}") = "3个基本特征", "3个基本特征", "{A2E84383-E038-4AC4-BA0E-E2C1679D9B05}"
EndProject
Project("{FAE04EC0-301F-11D3-BF4B-00C04F79EFBC}") = "DesignPrinciple", "DesignPrinciple\DesignPrinciple.csproj", "{5CB95676-AEA7-4FB5-AF66-FB83632C58F8}"
EndProject
Project("{FAE04EC0-301F-11D3-BF4B-00C04F79EFBC}") = "BasicFeatures", "BasicFeatures\BasicFeatures.csproj", "{4C1B5D92-7085-460B-AD15-5570AE3B9282}"
EndProject
Project("{2150E333-8FDC-42A3-9474-1A3956D46DE8}") = "登录", "登录", "{BF16DA6C-2012-4F87-8DC2-3D7639260B9F}"
EndProject
Project("{FAE04EC0-301F-11D3-BF4B-00C04F79EFBC}") = "LoginTest", "LoginTest\LoginTest.csproj", "{3BB02137-26A7-4C89-92CA-7ACF1EBE47AE}"
EndProject
Project("{2150E333-8FDC-42A3-9474-1A3956D46DE8}") = "Core", "Core", "{29418CF2-8A56-4AB6-84C2-1A6989A2A61E}"
EndProject
Project("{FAE04EC0-301F-11D3-BF4B-00C04F79EFBC}") = "Practice.Core", "Practice.Core\Practice.Core.csproj", "{4E0973EE-0EAF-444B-AAE3-C2ED13F12E6B}"
EndProject
Project("{2150E333-8FDC-42A3-9474-1A3956D46DE8}") = "Framework", "Framework", "{9F0096A2-36C9-477E-8890-D5C129543F01}"
EndProject
Project("{FAE04EC0-301F-11D3-BF4B-00C04F79EFBC}") = "Practice.Framework", "Practice.Framework\Practice.Framework.csproj", "{505F3097-482A-4054-B7A2-FDC02B47A0FB}"
EndProject
Project("{2150E333-8FDC-42A3-9474-1A3956D46DE8}") = "Datatable", "Datatable", "{7C1E590F-10A9-47BD-8908-96DBE130A8F4}"
EndProject
Project("{FAE04EC0-301F-11D3-BF4B-00C04F79EFBC}") = "DatatablePractice", "DatatablePractice\DatatablePractice.csproj", "{67358AE3-3C58-479B-8B0E-321D461DDF57}"
EndProject
Project("{2150E333-8FDC-42A3-9474-1A3956D46DE8}") = "Lambda", "Lambda", "{8EB1B550-5AC4-4A95-9656-74B48A468E29}"
EndProject
Project("{FAE04EC0-301F-11D3-BF4B-00C04F79EFBC}") = "PracticeLambda", "PracticeLambda\PracticeLambda.csproj", "{8360F465-5737-41E9-BD4E-167E205B265A}"
EndProject
Project("{2150E333-8FDC-42A3-9474-1A3956D46DE8}") = "枚举", "枚举", "{801F1BFB-8949-48D3-92A6-36CEBCD86487}"
EndProject
Project("{FAE04EC0-301F-11D3-BF4B-00C04F79EFBC}") = "EnumPractice", "EnumPractice\EnumPractice.csproj", "{80BC7357-9C45-40C2-AE8E-3B563C920D21}"
EndProject
Project("{2150E333-8FDC-42A3-9474-1A3956D46DE8}") = "加密方式", "加密方式", "{C5CBA689-34F6-4E21-9A12-FCA0AD566548}"
EndProject
Project("{FAE04EC0-301F-11D3-BF4B-00C04F79EFBC}") = "EncryptionHelper", "EncryptionHelper\EncryptionHelper.csproj", "{9629CF8E-4B6B-429F-AA40-5DD911878C58}"
EndProject
Project("{2150E333-8FDC-42A3-9474-1A3956D46DE8}") = "调用接口实例", "调用接口实例", "{DBA5C156-1744-40D2-A2E2-FDF5DDDDF068}"
EndProject
Project("{FAE04EC0-301F-11D3-BF4B-00C04F79EFBC}") = "ErpClientHelper", "ErpClientHelper\ErpClientHelper.csproj", "{14A23774-AE26-460E-ADF7-9CEF5C664154}"
EndProject
Project("{2150E333-8FDC-42A3-9474-1A3956D46DE8}") = "Excel操作", "Excel操作", "{95623DC4-28A8-43A8-8B11-F01B9D055EBE}"
EndProject
Project("{FAE04EC0-301F-11D3-BF4B-00C04F79EFBC}") = "ExcelHelper", "ExcelHelper\ExcelHelper.csproj", "{05468AF8-5BD4-4E77-8894-D909ECDBF2BB}"
EndProject
Project("{2150E333-8FDC-42A3-9474-1A3956D46DE8}") = "生成ID", "生成ID", "{E084BD2E-43BC-4BD3-BD8F-DBBAD6E58BC1}"
EndProject
Project("{FAE04EC0-301F-11D3-BF4B-00C04F79EFBC}") = "ID", "ID\ID.csproj", "{C4B03873-2241-4731-BAC7-094B29DF1771}"
EndProject
Project("{2150E333-8FDC-42A3-9474-1A3956D46DE8}") = "验证", "验证", "{360900DB-9765-4830-97C2-5D111BB0B253}"
EndProject
Project("{FAE04EC0-301F-11D3-BF4B-00C04F79EFBC}") = "RegexHelper", "RegexHelper\RegexHelper.csproj", "{1B11E875-494B-468D-90B1-8EDA410433DB}"
EndProject
Project("{2150E333-8FDC-42A3-9474-1A3956D46DE8}") = "字符串操作", "字符串操作", "{D7155018-A8B8-414D-BC1D-DA3E276D85DC}"
EndProject
Project("{FAE04EC0-301F-11D3-BF4B-00C04F79EFBC}") = "StringHelper", "StringHelper\StringHelper.csproj", "{C20CDF0D-1715-4FB6-89E9-79A6C22F9E15}"
EndProject
Project("{2150E333-8FDC-42A3-9474-1A3956D46DE8}") = "时间类函数", "时间类函数", "{CBF6A477-7580-47F4-8C1A-EDEC7F165170}"
EndProject
Project("{FAE04EC0-301F-11D3-BF4B-00C04F79EFBC}") = "TimeHelper", "TimeHelper\TimeHelper.csproj", "{1F6A9E2A-37EC-40CD-96FE-D35D867B48F9}"
EndProject
Project("{2150E333-8FDC-42A3-9474-1A3956D46DE8}") = "ip获取地理位置", "ip获取地理位置", "{7E1E7BD7-A2A3-4C0E-B5A0-04815E7DC53E}"
EndProject
Project("{FAE04EC0-301F-11D3-BF4B-00C04F79EFBC}") = "IPToAddress", "IPToAddress\IPToAddress.csproj", "{01765282-848B-4C97-A98A-8D22B8166232}"
EndProject
Global
	GlobalSection(SolutionConfigurationPlatforms) = preSolution
		Debug|Any CPU = Debug|Any CPU
		Release|Any CPU = Release|Any CPU
	EndGlobalSection
	GlobalSection(ProjectConfigurationPlatforms) = postSolution
		{A43920E8-14DE-4540-81AA-B92B54AEC28C}.Debug|Any CPU.ActiveCfg = Debug|Any CPU
		{A43920E8-14DE-4540-81AA-B92B54AEC28C}.Debug|Any CPU.Build.0 = Debug|Any CPU
		{A43920E8-14DE-4540-81AA-B92B54AEC28C}.Release|Any CPU.ActiveCfg = Release|Any CPU
		{A43920E8-14DE-4540-81AA-B92B54AEC28C}.Release|Any CPU.Build.0 = Release|Any CPU
		{0588ED46-F09B-4182-A7D2-A832544CCB0E}.Debug|Any CPU.ActiveCfg = Debug|Any CPU
		{0588ED46-F09B-4182-A7D2-A832544CCB0E}.Debug|Any CPU.Build.0 = Debug|Any CPU
		{0588ED46-F09B-4182-A7D2-A832544CCB0E}.Release|Any CPU.ActiveCfg = Release|Any CPU
		{0588ED46-F09B-4182-A7D2-A832544CCB0E}.Release|Any CPU.Build.0 = Release|Any CPU
		{2E7AE373-15BB-497E-A55F-04AF23BEAB6D}.Debug|Any CPU.ActiveCfg = Debug|Any CPU
		{2E7AE373-15BB-497E-A55F-04AF23BEAB6D}.Debug|Any CPU.Build.0 = Debug|Any CPU
		{2E7AE373-15BB-497E-A55F-04AF23BEAB6D}.Release|Any CPU.ActiveCfg = Release|Any CPU
		{2E7AE373-15BB-497E-A55F-04AF23BEAB6D}.Release|Any CPU.Build.0 = Release|Any CPU
		{DC57FF8E-FC7C-4959-8A41-6F414D83B61C}.Debug|Any CPU.ActiveCfg = Debug|Any CPU
		{DC57FF8E-FC7C-4959-8A41-6F414D83B61C}.Debug|Any CPU.Build.0 = Debug|Any CPU
		{DC57FF8E-FC7C-4959-8A41-6F414D83B61C}.Release|Any CPU.ActiveCfg = Release|Any CPU
		{DC57FF8E-FC7C-4959-8A41-6F414D83B61C}.Release|Any CPU.Build.0 = Release|Any CPU
		{9C441552-CFEB-49AD-8BDB-F1F542DF5F66}.Debug|Any CPU.ActiveCfg = Debug|Any CPU
		{9C441552-CFEB-49AD-8BDB-F1F542DF5F66}.Debug|Any CPU.Build.0 = Debug|Any CPU
		{9C441552-CFEB-49AD-8BDB-F1F542DF5F66}.Release|Any CPU.ActiveCfg = Release|Any CPU
		{9C441552-CFEB-49AD-8BDB-F1F542DF5F66}.Release|Any CPU.Build.0 = Release|Any CPU
		{F4526CF5-E404-46F8-9F37-34103F90E93E}.Debug|Any CPU.ActiveCfg = Debug|Any CPU
		{F4526CF5-E404-46F8-9F37-34103F90E93E}.Debug|Any CPU.Build.0 = Debug|Any CPU
		{F4526CF5-E404-46F8-9F37-34103F90E93E}.Release|Any CPU.ActiveCfg = Release|Any CPU
		{F4526CF5-E404-46F8-9F37-34103F90E93E}.Release|Any CPU.Build.0 = Release|Any CPU
		{07404073-9471-4447-86A8-902A9F9B844B}.Debug|Any CPU.ActiveCfg = Debug|Any CPU
		{07404073-9471-4447-86A8-902A9F9B844B}.Debug|Any CPU.Build.0 = Debug|Any CPU
		{07404073-9471-4447-86A8-902A9F9B844B}.Release|Any CPU.ActiveCfg = Release|Any CPU
		{07404073-9471-4447-86A8-902A9F9B844B}.Release|Any CPU.Build.0 = Release|Any CPU
		{A44A30DC-0EA6-4DA2-B3AC-43D33572C3AC}.Debug|Any CPU.ActiveCfg = Debug|Any CPU
		{A44A30DC-0EA6-4DA2-B3AC-43D33572C3AC}.Debug|Any CPU.Build.0 = Debug|Any CPU
		{A44A30DC-0EA6-4DA2-B3AC-43D33572C3AC}.Release|Any CPU.ActiveCfg = Release|Any CPU
		{A44A30DC-0EA6-4DA2-B3AC-43D33572C3AC}.Release|Any CPU.Build.0 = Release|Any CPU
		{F5AF1506-0A81-4824-9CD2-F79F2A275DEC}.Debug|Any CPU.ActiveCfg = Debug|Any CPU
		{F5AF1506-0A81-4824-9CD2-F79F2A275DEC}.Debug|Any CPU.Build.0 = Debug|Any CPU
		{F5AF1506-0A81-4824-9CD2-F79F2A275DEC}.Release|Any CPU.ActiveCfg = Release|Any CPU
		{F5AF1506-0A81-4824-9CD2-F79F2A275DEC}.Release|Any CPU.Build.0 = Release|Any CPU
		{05A38FCA-4F97-487A-A058-BDDAF372A00D}.Debug|Any CPU.ActiveCfg = Debug|Any CPU
		{05A38FCA-4F97-487A-A058-BDDAF372A00D}.Debug|Any CPU.Build.0 = Debug|Any CPU
		{05A38FCA-4F97-487A-A058-BDDAF372A00D}.Release|Any CPU.ActiveCfg = Release|Any CPU
		{05A38FCA-4F97-487A-A058-BDDAF372A00D}.Release|Any CPU.Build.0 = Release|Any CPU
		{E1332258-94AA-4730-AA28-020AAAE2FCF3}.Debug|Any CPU.ActiveCfg = Debug|Any CPU
		{E1332258-94AA-4730-AA28-020AAAE2FCF3}.Debug|Any CPU.Build.0 = Debug|Any CPU
		{E1332258-94AA-4730-AA28-020AAAE2FCF3}.Release|Any CPU.ActiveCfg = Release|Any CPU
		{E1332258-94AA-4730-AA28-020AAAE2FCF3}.Release|Any CPU.Build.0 = Release|Any CPU
		{AB809480-33B8-42FF-A933-7ECB3574DB23}.Debug|Any CPU.ActiveCfg = Debug|Any CPU
		{AB809480-33B8-42FF-A933-7ECB3574DB23}.Debug|Any CPU.Build.0 = Debug|Any CPU
		{AB809480-33B8-42FF-A933-7ECB3574DB23}.Release|Any CPU.ActiveCfg = Release|Any CPU
		{AB809480-33B8-42FF-A933-7ECB3574DB23}.Release|Any CPU.Build.0 = Release|Any CPU
		{353841C8-AD5A-4E6C-A43E-1154A60EDF4F}.Debug|Any CPU.ActiveCfg = Debug|Any CPU
		{353841C8-AD5A-4E6C-A43E-1154A60EDF4F}.Debug|Any CPU.Build.0 = Debug|Any CPU
		{353841C8-AD5A-4E6C-A43E-1154A60EDF4F}.Release|Any CPU.ActiveCfg = Release|Any CPU
		{353841C8-AD5A-4E6C-A43E-1154A60EDF4F}.Release|Any CPU.Build.0 = Release|Any CPU
		{7D5AFD5B-6420-41E8-8BF9-6510F2B5318D}.Debug|Any CPU.ActiveCfg = Debug|Any CPU
		{7D5AFD5B-6420-41E8-8BF9-6510F2B5318D}.Debug|Any CPU.Build.0 = Debug|Any CPU
		{7D5AFD5B-6420-41E8-8BF9-6510F2B5318D}.Release|Any CPU.ActiveCfg = Release|Any CPU
		{7D5AFD5B-6420-41E8-8BF9-6510F2B5318D}.Release|Any CPU.Build.0 = Release|Any CPU
		{B311F78F-674D-48DF-A640-5D8B62AD120A}.Debug|Any CPU.ActiveCfg = Debug|Any CPU
		{B311F78F-674D-48DF-A640-5D8B62AD120A}.Debug|Any CPU.Build.0 = Debug|Any CPU
		{B311F78F-674D-48DF-A640-5D8B62AD120A}.Release|Any CPU.ActiveCfg = Release|Any CPU
		{B311F78F-674D-48DF-A640-5D8B62AD120A}.Release|Any CPU.Build.0 = Release|Any CPU
		{5B92F682-2405-4467-9A44-E55CF32F1845}.Debug|Any CPU.ActiveCfg = Debug|Any CPU
		{5B92F682-2405-4467-9A44-E55CF32F1845}.Debug|Any CPU.Build.0 = Debug|Any CPU
		{5B92F682-2405-4467-9A44-E55CF32F1845}.Release|Any CPU.ActiveCfg = Release|Any CPU
		{5B92F682-2405-4467-9A44-E55CF32F1845}.Release|Any CPU.Build.0 = Release|Any CPU
		{F749D020-E73B-4681-975F-962D04E310DE}.Debug|Any CPU.ActiveCfg = Debug|Any CPU
		{F749D020-E73B-4681-975F-962D04E310DE}.Debug|Any CPU.Build.0 = Debug|Any CPU
		{F749D020-E73B-4681-975F-962D04E310DE}.Release|Any CPU.ActiveCfg = Release|Any CPU
		{F749D020-E73B-4681-975F-962D04E310DE}.Release|Any CPU.Build.0 = Release|Any CPU
		{065C4E6D-A67F-4C6A-B72A-0A95DB79D65F}.Debug|Any CPU.ActiveCfg = Debug|Any CPU
		{065C4E6D-A67F-4C6A-B72A-0A95DB79D65F}.Debug|Any CPU.Build.0 = Debug|Any CPU
		{065C4E6D-A67F-4C6A-B72A-0A95DB79D65F}.Release|Any CPU.ActiveCfg = Release|Any CPU
		{065C4E6D-A67F-4C6A-B72A-0A95DB79D65F}.Release|Any CPU.Build.0 = Release|Any CPU
		{5FEA8F29-A7CA-4058-A3D9-4FD8A5BA0621}.Debug|Any CPU.ActiveCfg = Debug|Any CPU
		{5FEA8F29-A7CA-4058-A3D9-4FD8A5BA0621}.Debug|Any CPU.Build.0 = Debug|Any CPU
		{5FEA8F29-A7CA-4058-A3D9-4FD8A5BA0621}.Release|Any CPU.ActiveCfg = Release|Any CPU
		{5FEA8F29-A7CA-4058-A3D9-4FD8A5BA0621}.Release|Any CPU.Build.0 = Release|Any CPU
		{4730459A-9DF0-4A28-97A1-AEE6E73F2070}.Debug|Any CPU.ActiveCfg = Debug|Any CPU
		{4730459A-9DF0-4A28-97A1-AEE6E73F2070}.Debug|Any CPU.Build.0 = Debug|Any CPU
		{4730459A-9DF0-4A28-97A1-AEE6E73F2070}.Release|Any CPU.ActiveCfg = Release|Any CPU
		{4730459A-9DF0-4A28-97A1-AEE6E73F2070}.Release|Any CPU.Build.0 = Release|Any CPU
		{A8A51626-A8D5-44D1-8BAB-24A6A08B1828}.Debug|Any CPU.ActiveCfg = Debug|Any CPU
		{A8A51626-A8D5-44D1-8BAB-24A6A08B1828}.Debug|Any CPU.Build.0 = Debug|Any CPU
		{A8A51626-A8D5-44D1-8BAB-24A6A08B1828}.Release|Any CPU.ActiveCfg = Release|Any CPU
		{A8A51626-A8D5-44D1-8BAB-24A6A08B1828}.Release|Any CPU.Build.0 = Release|Any CPU
		{FC58697C-82F5-468E-87B3-A34D38FFD11D}.Debug|Any CPU.ActiveCfg = Debug|Any CPU
		{FC58697C-82F5-468E-87B3-A34D38FFD11D}.Debug|Any CPU.Build.0 = Debug|Any CPU
		{FC58697C-82F5-468E-87B3-A34D38FFD11D}.Release|Any CPU.ActiveCfg = Release|Any CPU
		{FC58697C-82F5-468E-87B3-A34D38FFD11D}.Release|Any CPU.Build.0 = Release|Any CPU
		{ECDBE85E-7764-4A38-868F-BA8E2A45EDBE}.Debug|Any CPU.ActiveCfg = Debug|Any CPU
		{ECDBE85E-7764-4A38-868F-BA8E2A45EDBE}.Debug|Any CPU.Build.0 = Debug|Any CPU
		{ECDBE85E-7764-4A38-868F-BA8E2A45EDBE}.Release|Any CPU.ActiveCfg = Release|Any CPU
		{ECDBE85E-7764-4A38-868F-BA8E2A45EDBE}.Release|Any CPU.Build.0 = Release|Any CPU
		{33606577-2F52-4A8B-AEDB-C6D043DEEAA6}.Debug|Any CPU.ActiveCfg = Debug|Any CPU
		{33606577-2F52-4A8B-AEDB-C6D043DEEAA6}.Debug|Any CPU.Build.0 = Debug|Any CPU
		{33606577-2F52-4A8B-AEDB-C6D043DEEAA6}.Release|Any CPU.ActiveCfg = Release|Any CPU
		{33606577-2F52-4A8B-AEDB-C6D043DEEAA6}.Release|Any CPU.Build.0 = Release|Any CPU
		{20AB3465-5499-4E94-AEF7-7B4416078E0F}.Debug|Any CPU.ActiveCfg = Debug|Any CPU
		{20AB3465-5499-4E94-AEF7-7B4416078E0F}.Debug|Any CPU.Build.0 = Debug|Any CPU
		{20AB3465-5499-4E94-AEF7-7B4416078E0F}.Release|Any CPU.ActiveCfg = Release|Any CPU
		{20AB3465-5499-4E94-AEF7-7B4416078E0F}.Release|Any CPU.Build.0 = Release|Any CPU
		{F276182C-B353-48A1-94A0-B2587A9485B8}.Debug|Any CPU.ActiveCfg = Debug|Any CPU
		{F276182C-B353-48A1-94A0-B2587A9485B8}.Debug|Any CPU.Build.0 = Debug|Any CPU
		{F276182C-B353-48A1-94A0-B2587A9485B8}.Release|Any CPU.ActiveCfg = Release|Any CPU
		{F276182C-B353-48A1-94A0-B2587A9485B8}.Release|Any CPU.Build.0 = Release|Any CPU
		{5CB95676-AEA7-4FB5-AF66-FB83632C58F8}.Debug|Any CPU.ActiveCfg = Debug|Any CPU
		{5CB95676-AEA7-4FB5-AF66-FB83632C58F8}.Debug|Any CPU.Build.0 = Debug|Any CPU
		{5CB95676-AEA7-4FB5-AF66-FB83632C58F8}.Release|Any CPU.ActiveCfg = Release|Any CPU
		{5CB95676-AEA7-4FB5-AF66-FB83632C58F8}.Release|Any CPU.Build.0 = Release|Any CPU
		{4C1B5D92-7085-460B-AD15-5570AE3B9282}.Debug|Any CPU.ActiveCfg = Debug|Any CPU
		{4C1B5D92-7085-460B-AD15-5570AE3B9282}.Debug|Any CPU.Build.0 = Debug|Any CPU
		{4C1B5D92-7085-460B-AD15-5570AE3B9282}.Release|Any CPU.ActiveCfg = Release|Any CPU
		{4C1B5D92-7085-460B-AD15-5570AE3B9282}.Release|Any CPU.Build.0 = Release|Any CPU
		{3BB02137-26A7-4C89-92CA-7ACF1EBE47AE}.Debug|Any CPU.ActiveCfg = Debug|Any CPU
		{3BB02137-26A7-4C89-92CA-7ACF1EBE47AE}.Debug|Any CPU.Build.0 = Debug|Any CPU
		{3BB02137-26A7-4C89-92CA-7ACF1EBE47AE}.Release|Any CPU.ActiveCfg = Release|Any CPU
		{3BB02137-26A7-4C89-92CA-7ACF1EBE47AE}.Release|Any CPU.Build.0 = Release|Any CPU
		{4E0973EE-0EAF-444B-AAE3-C2ED13F12E6B}.Debug|Any CPU.ActiveCfg = Debug|Any CPU
		{4E0973EE-0EAF-444B-AAE3-C2ED13F12E6B}.Debug|Any CPU.Build.0 = Debug|Any CPU
		{4E0973EE-0EAF-444B-AAE3-C2ED13F12E6B}.Release|Any CPU.ActiveCfg = Release|Any CPU
		{4E0973EE-0EAF-444B-AAE3-C2ED13F12E6B}.Release|Any CPU.Build.0 = Release|Any CPU
		{505F3097-482A-4054-B7A2-FDC02B47A0FB}.Debug|Any CPU.ActiveCfg = Debug|Any CPU
		{505F3097-482A-4054-B7A2-FDC02B47A0FB}.Debug|Any CPU.Build.0 = Debug|Any CPU
		{505F3097-482A-4054-B7A2-FDC02B47A0FB}.Release|Any CPU.ActiveCfg = Release|Any CPU
		{505F3097-482A-4054-B7A2-FDC02B47A0FB}.Release|Any CPU.Build.0 = Release|Any CPU
		{67358AE3-3C58-479B-8B0E-321D461DDF57}.Debug|Any CPU.ActiveCfg = Debug|Any CPU
		{67358AE3-3C58-479B-8B0E-321D461DDF57}.Debug|Any CPU.Build.0 = Debug|Any CPU
		{67358AE3-3C58-479B-8B0E-321D461DDF57}.Release|Any CPU.ActiveCfg = Release|Any CPU
		{67358AE3-3C58-479B-8B0E-321D461DDF57}.Release|Any CPU.Build.0 = Release|Any CPU
		{8360F465-5737-41E9-BD4E-167E205B265A}.Debug|Any CPU.ActiveCfg = Debug|Any CPU
		{8360F465-5737-41E9-BD4E-167E205B265A}.Debug|Any CPU.Build.0 = Debug|Any CPU
		{8360F465-5737-41E9-BD4E-167E205B265A}.Release|Any CPU.ActiveCfg = Release|Any CPU
		{8360F465-5737-41E9-BD4E-167E205B265A}.Release|Any CPU.Build.0 = Release|Any CPU
		{80BC7357-9C45-40C2-AE8E-3B563C920D21}.Debug|Any CPU.ActiveCfg = Debug|Any CPU
		{80BC7357-9C45-40C2-AE8E-3B563C920D21}.Debug|Any CPU.Build.0 = Debug|Any CPU
		{80BC7357-9C45-40C2-AE8E-3B563C920D21}.Release|Any CPU.ActiveCfg = Release|Any CPU
		{80BC7357-9C45-40C2-AE8E-3B563C920D21}.Release|Any CPU.Build.0 = Release|Any CPU
		{9629CF8E-4B6B-429F-AA40-5DD911878C58}.Debug|Any CPU.ActiveCfg = Debug|Any CPU
		{9629CF8E-4B6B-429F-AA40-5DD911878C58}.Debug|Any CPU.Build.0 = Debug|Any CPU
		{9629CF8E-4B6B-429F-AA40-5DD911878C58}.Release|Any CPU.ActiveCfg = Release|Any CPU
		{9629CF8E-4B6B-429F-AA40-5DD911878C58}.Release|Any CPU.Build.0 = Release|Any CPU
		{14A23774-AE26-460E-ADF7-9CEF5C664154}.Debug|Any CPU.ActiveCfg = Debug|Any CPU
		{14A23774-AE26-460E-ADF7-9CEF5C664154}.Debug|Any CPU.Build.0 = Debug|Any CPU
		{14A23774-AE26-460E-ADF7-9CEF5C664154}.Release|Any CPU.ActiveCfg = Release|Any CPU
		{14A23774-AE26-460E-ADF7-9CEF5C664154}.Release|Any CPU.Build.0 = Release|Any CPU
		{05468AF8-5BD4-4E77-8894-D909ECDBF2BB}.Debug|Any CPU.ActiveCfg = Debug|Any CPU
		{05468AF8-5BD4-4E77-8894-D909ECDBF2BB}.Debug|Any CPU.Build.0 = Debug|Any CPU
		{05468AF8-5BD4-4E77-8894-D909ECDBF2BB}.Release|Any CPU.ActiveCfg = Release|Any CPU
		{05468AF8-5BD4-4E77-8894-D909ECDBF2BB}.Release|Any CPU.Build.0 = Release|Any CPU
		{C4B03873-2241-4731-BAC7-094B29DF1771}.Debug|Any CPU.ActiveCfg = Debug|Any CPU
		{C4B03873-2241-4731-BAC7-094B29DF1771}.Debug|Any CPU.Build.0 = Debug|Any CPU
		{C4B03873-2241-4731-BAC7-094B29DF1771}.Release|Any CPU.ActiveCfg = Release|Any CPU
		{C4B03873-2241-4731-BAC7-094B29DF1771}.Release|Any CPU.Build.0 = Release|Any CPU
		{1B11E875-494B-468D-90B1-8EDA410433DB}.Debug|Any CPU.ActiveCfg = Debug|Any CPU
		{1B11E875-494B-468D-90B1-8EDA410433DB}.Debug|Any CPU.Build.0 = Debug|Any CPU
		{1B11E875-494B-468D-90B1-8EDA410433DB}.Release|Any CPU.ActiveCfg = Release|Any CPU
		{1B11E875-494B-468D-90B1-8EDA410433DB}.Release|Any CPU.Build.0 = Release|Any CPU
		{C20CDF0D-1715-4FB6-89E9-79A6C22F9E15}.Debug|Any CPU.ActiveCfg = Debug|Any CPU
		{C20CDF0D-1715-4FB6-89E9-79A6C22F9E15}.Debug|Any CPU.Build.0 = Debug|Any CPU
		{C20CDF0D-1715-4FB6-89E9-79A6C22F9E15}.Release|Any CPU.ActiveCfg = Release|Any CPU
		{C20CDF0D-1715-4FB6-89E9-79A6C22F9E15}.Release|Any CPU.Build.0 = Release|Any CPU
		{1F6A9E2A-37EC-40CD-96FE-D35D867B48F9}.Debug|Any CPU.ActiveCfg = Debug|Any CPU
		{1F6A9E2A-37EC-40CD-96FE-D35D867B48F9}.Debug|Any CPU.Build.0 = Debug|Any CPU
		{1F6A9E2A-37EC-40CD-96FE-D35D867B48F9}.Release|Any CPU.ActiveCfg = Release|Any CPU
		{1F6A9E2A-37EC-40CD-96FE-D35D867B48F9}.Release|Any CPU.Build.0 = Release|Any CPU
		{01765282-848B-4C97-A98A-8D22B8166232}.Debug|Any CPU.ActiveCfg = Debug|Any CPU
		{01765282-848B-4C97-A98A-8D22B8166232}.Debug|Any CPU.Build.0 = Debug|Any CPU
		{01765282-848B-4C97-A98A-8D22B8166232}.Release|Any CPU.ActiveCfg = Release|Any CPU
		{01765282-848B-4C97-A98A-8D22B8166232}.Release|Any CPU.Build.0 = Release|Any CPU
	EndGlobalSection
	GlobalSection(SolutionProperties) = preSolution
		HideSolutionNode = FALSE
	EndGlobalSection
	GlobalSection(NestedProjects) = preSolution
		{A43920E8-14DE-4540-81AA-B92B54AEC28C} = {FD5D3FCD-AD28-4E57-A032-5EBA8BBB4E33}
		{0588ED46-F09B-4182-A7D2-A832544CCB0E} = {08F6EB5F-CA6A-41CA-A8D1-DBA1443F1960}
		{2E7AE373-15BB-497E-A55F-04AF23BEAB6D} = {FD5D3FCD-AD28-4E57-A032-5EBA8BBB4E33}
		{DC57FF8E-FC7C-4959-8A41-6F414D83B61C} = {53FE1FD7-885F-463F-88FA-665E03AF9DD3}
		{9C441552-CFEB-49AD-8BDB-F1F542DF5F66} = {CA0491E1-8B20-47E1-8460-7EE8E512FB44}
		{F4526CF5-E404-46F8-9F37-34103F90E93E} = {CA0491E1-8B20-47E1-8460-7EE8E512FB44}
		{07404073-9471-4447-86A8-902A9F9B844B} = {08F6EB5F-CA6A-41CA-A8D1-DBA1443F1960}
		{A44A30DC-0EA6-4DA2-B3AC-43D33572C3AC} = {90CE6854-425D-45B5-8318-6264D3A758F3}
		{F5AF1506-0A81-4824-9CD2-F79F2A275DEC} = {0DF84072-7176-4ABF-B2B5-6B6BC0479E66}
		{05A38FCA-4F97-487A-A058-BDDAF372A00D} = {F2BB0317-22AE-4CF2-8366-A1F1DB83BEDA}
		{E1332258-94AA-4730-AA28-020AAAE2FCF3} = {FD5D3FCD-AD28-4E57-A032-5EBA8BBB4E33}
		{AB809480-33B8-42FF-A933-7ECB3574DB23} = {6C5C9DF8-3D92-4E5D-8A3F-EC15621BDB62}
		{6C5C9DF8-3D92-4E5D-8A3F-EC15621BDB62} = {F04042FD-053A-49B1-8682-E9FC0ADC4B84}
		{353841C8-AD5A-4E6C-A43E-1154A60EDF4F} = {6C5C9DF8-3D92-4E5D-8A3F-EC15621BDB62}
		{D702E851-88C2-4BE1-9EBC-0B1B6A8AC5D2} = {F04042FD-053A-49B1-8682-E9FC0ADC4B84}
		{7D5AFD5B-6420-41E8-8BF9-6510F2B5318D} = {D702E851-88C2-4BE1-9EBC-0B1B6A8AC5D2}
		{7A322DD1-4017-484B-8828-1F06ADD0C462} = {F04042FD-053A-49B1-8682-E9FC0ADC4B84}
		{B311F78F-674D-48DF-A640-5D8B62AD120A} = {7A322DD1-4017-484B-8828-1F06ADD0C462}
		{5B92F682-2405-4467-9A44-E55CF32F1845} = {7A322DD1-4017-484B-8828-1F06ADD0C462}
		{7F6E77A3-4B78-45DA-835F-D19E6B3B7BFE} = {F04042FD-053A-49B1-8682-E9FC0ADC4B84}
		{F749D020-E73B-4681-975F-962D04E310DE} = {7F6E77A3-4B78-45DA-835F-D19E6B3B7BFE}
		{065C4E6D-A67F-4C6A-B72A-0A95DB79D65F} = {7F6E77A3-4B78-45DA-835F-D19E6B3B7BFE}
		{5FEA8F29-A7CA-4058-A3D9-4FD8A5BA0621} = {7F6E77A3-4B78-45DA-835F-D19E6B3B7BFE}
		{4730459A-9DF0-4A28-97A1-AEE6E73F2070} = {08F6EB5F-CA6A-41CA-A8D1-DBA1443F1960}
		{A8A51626-A8D5-44D1-8BAB-24A6A08B1828} = {90CE6854-425D-45B5-8318-6264D3A758F3}
		{BEE547E7-8ECF-46D0-B0C3-3FA68985612C} = {F04042FD-053A-49B1-8682-E9FC0ADC4B84}
		{FC58697C-82F5-468E-87B3-A34D38FFD11D} = {BEE547E7-8ECF-46D0-B0C3-3FA68985612C}
		{ECDBE85E-7764-4A38-868F-BA8E2A45EDBE} = {BEE547E7-8ECF-46D0-B0C3-3FA68985612C}
		{C4C92AE4-6DF2-404D-8936-44CC8D5015C6} = {F04042FD-053A-49B1-8682-E9FC0ADC4B84}
		{33606577-2F52-4A8B-AEDB-C6D043DEEAA6} = {C4C92AE4-6DF2-404D-8936-44CC8D5015C6}
		{FD5D3FCD-AD28-4E57-A032-5EBA8BBB4E33} = {F04042FD-053A-49B1-8682-E9FC0ADC4B84}
		{90CE6854-425D-45B5-8318-6264D3A758F3} = {F04042FD-053A-49B1-8682-E9FC0ADC4B84}
		{CA0491E1-8B20-47E1-8460-7EE8E512FB44} = {F04042FD-053A-49B1-8682-E9FC0ADC4B84}
		{53FE1FD7-885F-463F-88FA-665E03AF9DD3} = {F04042FD-053A-49B1-8682-E9FC0ADC4B84}
		{08F6EB5F-CA6A-41CA-A8D1-DBA1443F1960} = {F04042FD-053A-49B1-8682-E9FC0ADC4B84}
		{F2BB0317-22AE-4CF2-8366-A1F1DB83BEDA} = {F04042FD-053A-49B1-8682-E9FC0ADC4B84}
		{3D5B73E1-1B94-421B-AB35-7D8712539719} = {F04042FD-053A-49B1-8682-E9FC0ADC4B84}
		{20AB3465-5499-4E94-AEF7-7B4416078E0F} = {3D5B73E1-1B94-421B-AB35-7D8712539719}
		{5D44DDF7-2C5F-4F8C-830D-5BE9A456DE26} = {F04042FD-053A-49B1-8682-E9FC0ADC4B84}
		{F276182C-B353-48A1-94A0-B2587A9485B8} = {5D44DDF7-2C5F-4F8C-830D-5BE9A456DE26}
		{1297B3F9-84C2-460A-928C-11F47C09A117} = {F04042FD-053A-49B1-8682-E9FC0ADC4B84}
		{20E8B5B1-A0ED-45D2-825E-9D63BD8CF86F} = {1297B3F9-84C2-460A-928C-11F47C09A117}
		{A2E84383-E038-4AC4-BA0E-E2C1679D9B05} = {1297B3F9-84C2-460A-928C-11F47C09A117}
		{5CB95676-AEA7-4FB5-AF66-FB83632C58F8} = {20E8B5B1-A0ED-45D2-825E-9D63BD8CF86F}
		{4C1B5D92-7085-460B-AD15-5570AE3B9282} = {A2E84383-E038-4AC4-BA0E-E2C1679D9B05}
		{BF16DA6C-2012-4F87-8DC2-3D7639260B9F} = {F04042FD-053A-49B1-8682-E9FC0ADC4B84}
		{3BB02137-26A7-4C89-92CA-7ACF1EBE47AE} = {BF16DA6C-2012-4F87-8DC2-3D7639260B9F}
		{29418CF2-8A56-4AB6-84C2-1A6989A2A61E} = {B3A0C0EA-0290-4E16-915A-52640F8E5565}
		{4E0973EE-0EAF-444B-AAE3-C2ED13F12E6B} = {29418CF2-8A56-4AB6-84C2-1A6989A2A61E}
		{9F0096A2-36C9-477E-8890-D5C129543F01} = {B3A0C0EA-0290-4E16-915A-52640F8E5565}
		{505F3097-482A-4054-B7A2-FDC02B47A0FB} = {9F0096A2-36C9-477E-8890-D5C129543F01}
		{7C1E590F-10A9-47BD-8908-96DBE130A8F4} = {F04042FD-053A-49B1-8682-E9FC0ADC4B84}
		{67358AE3-3C58-479B-8B0E-321D461DDF57} = {7C1E590F-10A9-47BD-8908-96DBE130A8F4}
		{8EB1B550-5AC4-4A95-9656-74B48A468E29} = {F04042FD-053A-49B1-8682-E9FC0ADC4B84}
		{8360F465-5737-41E9-BD4E-167E205B265A} = {8EB1B550-5AC4-4A95-9656-74B48A468E29}
		{801F1BFB-8949-48D3-92A6-36CEBCD86487} = {F04042FD-053A-49B1-8682-E9FC0ADC4B84}
		{80BC7357-9C45-40C2-AE8E-3B563C920D21} = {801F1BFB-8949-48D3-92A6-36CEBCD86487}
		{C5CBA689-34F6-4E21-9A12-FCA0AD566548} = {F04042FD-053A-49B1-8682-E9FC0ADC4B84}
		{9629CF8E-4B6B-429F-AA40-5DD911878C58} = {C5CBA689-34F6-4E21-9A12-FCA0AD566548}
		{DBA5C156-1744-40D2-A2E2-FDF5DDDDF068} = {F04042FD-053A-49B1-8682-E9FC0ADC4B84}
		{14A23774-AE26-460E-ADF7-9CEF5C664154} = {DBA5C156-1744-40D2-A2E2-FDF5DDDDF068}
		{95623DC4-28A8-43A8-8B11-F01B9D055EBE} = {F04042FD-053A-49B1-8682-E9FC0ADC4B84}
		{05468AF8-5BD4-4E77-8894-D909ECDBF2BB} = {95623DC4-28A8-43A8-8B11-F01B9D055EBE}
		{E084BD2E-43BC-4BD3-BD8F-DBBAD6E58BC1} = {F04042FD-053A-49B1-8682-E9FC0ADC4B84}
		{C4B03873-2241-4731-BAC7-094B29DF1771} = {E084BD2E-43BC-4BD3-BD8F-DBBAD6E58BC1}
		{360900DB-9765-4830-97C2-5D111BB0B253} = {F04042FD-053A-49B1-8682-E9FC0ADC4B84}
		{1B11E875-494B-468D-90B1-8EDA410433DB} = {360900DB-9765-4830-97C2-5D111BB0B253}
		{D7155018-A8B8-414D-BC1D-DA3E276D85DC} = {F04042FD-053A-49B1-8682-E9FC0ADC4B84}
		{C20CDF0D-1715-4FB6-89E9-79A6C22F9E15} = {D7155018-A8B8-414D-BC1D-DA3E276D85DC}
		{CBF6A477-7580-47F4-8C1A-EDEC7F165170} = {F04042FD-053A-49B1-8682-E9FC0ADC4B84}
		{1F6A9E2A-37EC-40CD-96FE-D35D867B48F9} = {CBF6A477-7580-47F4-8C1A-EDEC7F165170}
		{7E1E7BD7-A2A3-4C0E-B5A0-04815E7DC53E} = {F04042FD-053A-49B1-8682-E9FC0ADC4B84}
		{01765282-848B-4C97-A98A-8D22B8166232} = {7E1E7BD7-A2A3-4C0E-B5A0-04815E7DC53E}
	EndGlobalSection
EndGlobal
